// !$*UTF8*$!
{
	archiveVersion = 1;
	classes = {
	};
	objectVersion = 46;
	objects = {

/* Begin PBXBuildFile section */
		1FC91A23DC15FF81BBDA36F6 /* Pods_TheDistanceFormsPhotosVideos.framework in Frameworks */ = {isa = PBXBuildFile; fileRef = 82A9E022FC1D3D3487520B10 /* Pods_TheDistanceFormsPhotosVideos.framework */; };
		5A7589C41DF9A9F50034F388 /* PhotoCollectionViewCell.swift in Sources */ = {isa = PBXBuildFile; fileRef = 5A7589BF1DF9A9F50034F388 /* PhotoCollectionViewCell.swift */; };
		5A7589C51DF9A9F50034F388 /* PhotosStack.swift in Sources */ = {isa = PBXBuildFile; fileRef = 5A7589C01DF9A9F50034F388 /* PhotosStack.swift */; };
		5A7589C61DF9A9F50034F388 /* PhotoStackManager.swift in Sources */ = {isa = PBXBuildFile; fileRef = 5A7589C11DF9A9F50034F388 /* PhotoStackManager.swift */; };
		5A7589C71DF9A9F50034F388 /* Media.xcassets in Resources */ = {isa = PBXBuildFile; fileRef = 5A7589C31DF9A9F50034F388 /* Media.xcassets */; };
		7A30F8F14284F9D854EF0F01 /* Pods_TheDistanceFormsThemed.framework in Frameworks */ = {isa = PBXBuildFile; fileRef = 05A6B1A9C711471AE2495394 /* Pods_TheDistanceFormsThemed.framework */; };
		A54511B51D070BE40067714A /* UIDatePickerDataController.swift in Sources */ = {isa = PBXBuildFile; fileRef = A54511B41D070BE40067714A /* UIDatePickerDataController.swift */; };
		A54511B81D071B030067714A /* Validation.swift in Sources */ = {isa = PBXBuildFile; fileRef = A54511B71D071B030067714A /* Validation.swift */; };
		A54511BA1D071B0E0067714A /* ValidationResult.swift in Sources */ = {isa = PBXBuildFile; fileRef = A54511B91D071B0E0067714A /* ValidationResult.swift */; };
		A54511C01D071E8B0067714A /* Form.swift in Sources */ = {isa = PBXBuildFile; fileRef = A54511BC1D071E8B0067714A /* Form.swift */; };
		A54511C11D071E8B0067714A /* FormEnums.swift in Sources */ = {isa = PBXBuildFile; fileRef = A54511BD1D071E8B0067714A /* FormEnums.swift */; };
		A54511C21D071E8B0067714A /* FormQuestion.swift in Sources */ = {isa = PBXBuildFile; fileRef = A54511BE1D071E8B0067714A /* FormQuestion.swift */; };
		A54511C31D071E8B0067714A /* FormQuestionView.swift in Sources */ = {isa = PBXBuildFile; fileRef = A54511BF1D071E8B0067714A /* FormQuestionView.swift */; };
		A54511C51D0807D70067714A /* FormContainer.swift in Sources */ = {isa = PBXBuildFile; fileRef = A54511C41D0807D70067714A /* FormContainer.swift */; };
		A54511C71D0808160067714A /* ValueElement.swift in Sources */ = {isa = PBXBuildFile; fileRef = A54511C61D0808160067714A /* ValueElement.swift */; };
		A561FFA21D4F7E9C00EB3C2B /* TheDistanceFormsPhotosVideos.h in Headers */ = {isa = PBXBuildFile; fileRef = A5F0DE4C1CC8C60C0032534D /* TheDistanceFormsPhotosVideos.h */; settings = {ATTRIBUTES = (Public, ); }; };
		A592A02E1CCF5D2300128D4D /* EventFormViewController.swift in Sources */ = {isa = PBXBuildFile; fileRef = A592A02D1CCF5D2300128D4D /* EventFormViewController.swift */; };
		A592A0301CCF5E0400128D4D /* EventForm.swift in Sources */ = {isa = PBXBuildFile; fileRef = A592A02F1CCF5E0400128D4D /* EventForm.swift */; };
		A592A0341CCF628E00128D4D /* EventForm.json in Resources */ = {isa = PBXBuildFile; fileRef = A592A0331CCF628E00128D4D /* EventForm.json */; };
		A592A0361CCFB68800128D4D /* RegisterForm.json in Resources */ = {isa = PBXBuildFile; fileRef = A592A0351CCFB68800128D4D /* RegisterForm.json */; };
		A592A0381CCFB6B500128D4D /* RegisterForm.swift in Sources */ = {isa = PBXBuildFile; fileRef = A592A0371CCFB6B500128D4D /* RegisterForm.swift */; };
		A592A0431CD0A9E500128D4D /* TheDistanceFormsThemed.h in Headers */ = {isa = PBXBuildFile; fileRef = A592A0421CD0A9E500128D4D /* TheDistanceFormsThemed.h */; settings = {ATTRIBUTES = (Public, ); }; };
		A592A0471CD0A9E500128D4D /* TheDistanceFormsThemed.framework in Frameworks */ = {isa = PBXBuildFile; fileRef = A592A0401CD0A9E500128D4D /* TheDistanceFormsThemed.framework */; };
		A592A0481CD0A9E500128D4D /* TheDistanceFormsThemed.framework in Embed Frameworks */ = {isa = PBXBuildFile; fileRef = A592A0401CD0A9E500128D4D /* TheDistanceFormsThemed.framework */; settings = {ATTRIBUTES = (CodeSignOnCopy, RemoveHeadersOnCopy, ); }; };
		A592A04E1CD0AA5800128D4D /* TKTextFieldStack.swift in Sources */ = {isa = PBXBuildFile; fileRef = A592A04D1CD0AA5800128D4D /* TKTextFieldStack.swift */; };
		A592A0501CD0B1A400128D4D /* TKTextViewStack.swift in Sources */ = {isa = PBXBuildFile; fileRef = A592A04F1CD0B1A400128D4D /* TKTextViewStack.swift */; };
		A592A0521CD0B2D900128D4D /* TKSegmentedTextFieldStack.swift in Sources */ = {isa = PBXBuildFile; fileRef = A592A0511CD0B2D900128D4D /* TKSegmentedTextFieldStack.swift */; };
		A592A0541CD0C10D00128D4D /* TKSwitchStack.swift in Sources */ = {isa = PBXBuildFile; fileRef = A592A0531CD0C10D00128D4D /* TKSwitchStack.swift */; };
		A592A0561CD0C1CF00128D4D /* TKFormQuestion.swift in Sources */ = {isa = PBXBuildFile; fileRef = A592A0551CD0C1CF00128D4D /* TKFormQuestion.swift */; };
		A592A05B1CD0C3EF00128D4D /* ThemeKitCore.framework in Frameworks */ = {isa = PBXBuildFile; fileRef = A592A03A1CCFC9BA00128D4D /* ThemeKitCore.framework */; };
		A592A05E1CD0C49200128D4D /* MyTheme.swift in Sources */ = {isa = PBXBuildFile; fileRef = A592A05D1CD0C49200128D4D /* MyTheme.swift */; };
		A592A0601CD0C4D000128D4D /* ThemeViewController.swift in Sources */ = {isa = PBXBuildFile; fileRef = A592A05F1CD0C4D000128D4D /* ThemeViewController.swift */; };
		A5961F351D51FAB4004D9636 /* FormViewController.swift in Sources */ = {isa = PBXBuildFile; fileRef = A5961F341D51FAB4004D9636 /* FormViewController.swift */; };
		A5F0DE2F1CC8C5F80032534D /* TheDistanceForms.h in Headers */ = {isa = PBXBuildFile; fileRef = A5F0DE2E1CC8C5F80032534D /* TheDistanceForms.h */; settings = {ATTRIBUTES = (Public, ); }; };
		A5F0DE361CC8C5F80032534D /* TheDistanceForms.framework in Frameworks */ = {isa = PBXBuildFile; fileRef = A5F0DE2B1CC8C5F80032534D /* TheDistanceForms.framework */; };
		A5F0DE3B1CC8C5F80032534D /* TheDistanceFormsTests.swift in Sources */ = {isa = PBXBuildFile; fileRef = A5F0DE3A1CC8C5F80032534D /* TheDistanceFormsTests.swift */; };
		A5F0DE541CC8C60C0032534D /* TheDistanceFormsPhotosVideos.framework in Frameworks */ = {isa = PBXBuildFile; fileRef = A5F0DE4A1CC8C60C0032534D /* TheDistanceFormsPhotosVideos.framework */; };
		A5F0DE591CC8C60C0032534D /* TheDistanceFormsPhotosVideosTests.swift in Sources */ = {isa = PBXBuildFile; fileRef = A5F0DE581CC8C60C0032534D /* TheDistanceFormsPhotosVideosTests.swift */; };
		A5F0DE811CC8C7EF0032534D /* ErrorStack.swift in Sources */ = {isa = PBXBuildFile; fileRef = A5F0DE701CC8C7EF0032534D /* ErrorStack.swift */; };
		A5F0DE821CC8C7EF0032534D /* UIPickerDataControllers.swift in Sources */ = {isa = PBXBuildFile; fileRef = A5F0DE721CC8C7EF0032534D /* UIPickerDataControllers.swift */; };
		A5F0DE841CC8C7EF0032534D /* SwitchStack.swift in Sources */ = {isa = PBXBuildFile; fileRef = A5F0DE741CC8C7EF0032534D /* SwitchStack.swift */; };
		A5F0DE851CC8C7EF0032534D /* SegmentedTextFieldStack.swift in Sources */ = {isa = PBXBuildFile; fileRef = A5F0DE761CC8C7EF0032534D /* SegmentedTextFieldStack.swift */; };
		A5F0DE861CC8C7EF0032534D /* TextFieldStack.swift in Sources */ = {isa = PBXBuildFile; fileRef = A5F0DE771CC8C7EF0032534D /* TextFieldStack.swift */; };
		A5F0DE871CC8C7EF0032534D /* TextStack.swift in Sources */ = {isa = PBXBuildFile; fileRef = A5F0DE781CC8C7EF0032534D /* TextStack.swift */; };
		A5F0DE881CC8C7EF0032534D /* TextViewStack.swift in Sources */ = {isa = PBXBuildFile; fileRef = A5F0DE791CC8C7EF0032534D /* TextViewStack.swift */; };
		A5F0DED31CC9004C0032534D /* AppDelegate.swift in Sources */ = {isa = PBXBuildFile; fileRef = A5F0DED21CC9004C0032534D /* AppDelegate.swift */; };
		A5F0DED51CC9004C0032534D /* ViewController.swift in Sources */ = {isa = PBXBuildFile; fileRef = A5F0DED41CC9004C0032534D /* ViewController.swift */; };
		A5F0DED81CC9004C0032534D /* Main.storyboard in Resources */ = {isa = PBXBuildFile; fileRef = A5F0DED61CC9004C0032534D /* Main.storyboard */; };
		A5F0DEDA1CC9004C0032534D /* Assets.xcassets in Resources */ = {isa = PBXBuildFile; fileRef = A5F0DED91CC9004C0032534D /* Assets.xcassets */; };
		A5F0DEDD1CC9004C0032534D /* LaunchScreen.storyboard in Resources */ = {isa = PBXBuildFile; fileRef = A5F0DEDB1CC9004C0032534D /* LaunchScreen.storyboard */; };
		A5F0DEE81CC9004C0032534D /* FormsDemoTests.swift in Sources */ = {isa = PBXBuildFile; fileRef = A5F0DEE71CC9004C0032534D /* FormsDemoTests.swift */; };
		A5F0DEF21CC900710032534D /* Form.json in Resources */ = {isa = PBXBuildFile; fileRef = A5F0DEF11CC900710032534D /* Form.json */; };
		A5F0DF011CCA2C4B0032534D /* TheDistanceForms.framework in Frameworks */ = {isa = PBXBuildFile; fileRef = A5F0DE2B1CC8C5F80032534D /* TheDistanceForms.framework */; };
		A5F0DF021CCA2C4B0032534D /* TheDistanceForms.framework in Embed Frameworks */ = {isa = PBXBuildFile; fileRef = A5F0DE2B1CC8C5F80032534D /* TheDistanceForms.framework */; settings = {ATTRIBUTES = (CodeSignOnCopy, RemoveHeadersOnCopy, ); }; };
		A5F0DF041CCA2C510032534D /* SwiftyJSON.framework in Frameworks */ = {isa = PBXBuildFile; fileRef = A5F0DEF61CC902320032534D /* SwiftyJSON.framework */; };
		A5F0DF051CCA2C510032534D /* SwiftyJSON.framework in Embed Frameworks */ = {isa = PBXBuildFile; fileRef = A5F0DEF61CC902320032534D /* SwiftyJSON.framework */; settings = {ATTRIBUTES = (CodeSignOnCopy, RemoveHeadersOnCopy, ); }; };
		A5F0DF061CCA2C510032534D /* StackView.framework in Frameworks */ = {isa = PBXBuildFile; fileRef = A5F0DE641CC8C6A90032534D /* StackView.framework */; };
		A5F0DF071CCA2C510032534D /* StackView.framework in Embed Frameworks */ = {isa = PBXBuildFile; fileRef = A5F0DE641CC8C6A90032534D /* StackView.framework */; settings = {ATTRIBUTES = (CodeSignOnCopy, RemoveHeadersOnCopy, ); }; };
		A5F0DF081CCA2C510032534D /* TheDistanceCore.framework in Frameworks */ = {isa = PBXBuildFile; fileRef = A5F0DE651CC8C6A90032534D /* TheDistanceCore.framework */; };
		A5F0DF091CCA2C510032534D /* TheDistanceCore.framework in Embed Frameworks */ = {isa = PBXBuildFile; fileRef = A5F0DE651CC8C6A90032534D /* TheDistanceCore.framework */; settings = {ATTRIBUTES = (CodeSignOnCopy, RemoveHeadersOnCopy, ); }; };
		A5F0DF0A1CCA2C510032534D /* TZStackView.framework in Frameworks */ = {isa = PBXBuildFile; fileRef = A5F0DE661CC8C6A90032534D /* TZStackView.framework */; };
		A5F0DF0B1CCA2C510032534D /* TZStackView.framework in Embed Frameworks */ = {isa = PBXBuildFile; fileRef = A5F0DE661CC8C6A90032534D /* TZStackView.framework */; settings = {ATTRIBUTES = (CodeSignOnCopy, RemoveHeadersOnCopy, ); }; };
		A5F0DF0F1CCA35E00032534D /* KeyboardResponder.framework in Frameworks */ = {isa = PBXBuildFile; fileRef = A5F0DF0C1CCA343E0032534D /* KeyboardResponder.framework */; };
		A5F0DF101CCA35E00032534D /* KeyboardResponder.framework in Embed Frameworks */ = {isa = PBXBuildFile; fileRef = A5F0DF0C1CCA343E0032534D /* KeyboardResponder.framework */; settings = {ATTRIBUTES = (CodeSignOnCopy, RemoveHeadersOnCopy, ); }; };
		A5F0DF161CCA55A30032534D /* Media.xcassets in Resources */ = {isa = PBXBuildFile; fileRef = A5F0DF151CCA55A30032534D /* Media.xcassets */; };
		D718FD146CA2F4C59F475D20 /* Pods_TheDistanceForms.framework in Frameworks */ = {isa = PBXBuildFile; fileRef = D40C5A7F93C6DA91E3C36D63 /* Pods_TheDistanceForms.framework */; };
/* End PBXBuildFile section */

/* Begin PBXContainerItemProxy section */
		A592A0451CD0A9E500128D4D /* PBXContainerItemProxy */ = {
			isa = PBXContainerItemProxy;
			containerPortal = A5F0DE221CC8C5F80032534D /* Project object */;
			proxyType = 1;
			remoteGlobalIDString = A592A03F1CD0A9E500128D4D;
			remoteInfo = TheDistanceFormsThemed;
		};
		A592A0571CD0C3C500128D4D /* PBXContainerItemProxy */ = {
			isa = PBXContainerItemProxy;
			containerPortal = A5F0DE221CC8C5F80032534D /* Project object */;
			proxyType = 1;
			remoteGlobalIDString = A5F0DE2A1CC8C5F80032534D;
			remoteInfo = TheDistanceForms;
		};
		A5F0DE371CC8C5F80032534D /* PBXContainerItemProxy */ = {
			isa = PBXContainerItemProxy;
			containerPortal = A5F0DE221CC8C5F80032534D /* Project object */;
			proxyType = 1;
			remoteGlobalIDString = A5F0DE2A1CC8C5F80032534D;
			remoteInfo = TheDistanceForms;
		};
		A5F0DE551CC8C60C0032534D /* PBXContainerItemProxy */ = {
			isa = PBXContainerItemProxy;
			containerPortal = A5F0DE221CC8C5F80032534D /* Project object */;
			proxyType = 1;
			remoteGlobalIDString = A5F0DE491CC8C60C0032534D;
			remoteInfo = TheDistanceFormsPhotosVideos;
		};
		A5F0DE971CC8CBAE0032534D /* PBXContainerItemProxy */ = {
			isa = PBXContainerItemProxy;
			containerPortal = A5F0DE221CC8C5F80032534D /* Project object */;
			proxyType = 1;
			remoteGlobalIDString = A5F0DE2A1CC8C5F80032534D;
			remoteInfo = TheDistanceForms;
		};
		A5F0DEE41CC9004C0032534D /* PBXContainerItemProxy */ = {
			isa = PBXContainerItemProxy;
			containerPortal = A5F0DE221CC8C5F80032534D /* Project object */;
			proxyType = 1;
			remoteGlobalIDString = A5F0DECF1CC9004C0032534D;
			remoteInfo = FormsDemo;
		};
		A5F0DEFF1CCA2C430032534D /* PBXContainerItemProxy */ = {
			isa = PBXContainerItemProxy;
			containerPortal = A5F0DE221CC8C5F80032534D /* Project object */;
			proxyType = 1;
			remoteGlobalIDString = A5F0DE2A1CC8C5F80032534D;
			remoteInfo = TheDistanceForms;
		};
/* End PBXContainerItemProxy section */

/* Begin PBXCopyFilesBuildPhase section */
		A5F0DF031CCA2C4C0032534D /* Embed Frameworks */ = {
			isa = PBXCopyFilesBuildPhase;
			buildActionMask = 2147483647;
			dstPath = "";
			dstSubfolderSpec = 10;
			files = (
				A5F0DF071CCA2C510032534D /* StackView.framework in Embed Frameworks */,
				A5F0DF0B1CCA2C510032534D /* TZStackView.framework in Embed Frameworks */,
				A5F0DF101CCA35E00032534D /* KeyboardResponder.framework in Embed Frameworks */,
				A592A0481CD0A9E500128D4D /* TheDistanceFormsThemed.framework in Embed Frameworks */,
				A5F0DF051CCA2C510032534D /* SwiftyJSON.framework in Embed Frameworks */,
				A5F0DF091CCA2C510032534D /* TheDistanceCore.framework in Embed Frameworks */,
				A5F0DF021CCA2C4B0032534D /* TheDistanceForms.framework in Embed Frameworks */,
			);
			name = "Embed Frameworks";
			runOnlyForDeploymentPostprocessing = 0;
		};
/* End PBXCopyFilesBuildPhase section */

/* Begin PBXFileReference section */
		0027F9BF48DE704B5D577A2B /* Pods-TheDistanceFormsPhotosVideos.debug.xcconfig */ = {isa = PBXFileReference; includeInIndex = 1; lastKnownFileType = text.xcconfig; name = "Pods-TheDistanceFormsPhotosVideos.debug.xcconfig"; path = "Pods/Target Support Files/Pods-TheDistanceFormsPhotosVideos/Pods-TheDistanceFormsPhotosVideos.debug.xcconfig"; sourceTree = "<group>"; };
		05A6B1A9C711471AE2495394 /* Pods_TheDistanceFormsThemed.framework */ = {isa = PBXFileReference; explicitFileType = wrapper.framework; includeInIndex = 0; path = Pods_TheDistanceFormsThemed.framework; sourceTree = BUILT_PRODUCTS_DIR; };
		1ECEB3CC741211318C9EEEDD /* Pods-TheDistanceFormsThemed.release.xcconfig */ = {isa = PBXFileReference; includeInIndex = 1; lastKnownFileType = text.xcconfig; name = "Pods-TheDistanceFormsThemed.release.xcconfig"; path = "Pods/Target Support Files/Pods-TheDistanceFormsThemed/Pods-TheDistanceFormsThemed.release.xcconfig"; sourceTree = "<group>"; };
		5A7589B51DF985DD0034F388 /* Pods_TheDistanceForms.framework */ = {isa = PBXFileReference; lastKnownFileType = wrapper.framework; name = Pods_TheDistanceForms.framework; path = "../../Library/Developer/Xcode/DerivedData/TheDistanceForms-eqocbolqjfvqasftouqigajpdrbb/Build/Products/Debug-iphonesimulator/Pods_TheDistanceForms.framework"; sourceTree = "<group>"; };
		5A7589BF1DF9A9F50034F388 /* PhotoCollectionViewCell.swift */ = {isa = PBXFileReference; fileEncoding = 4; lastKnownFileType = sourcecode.swift; path = PhotoCollectionViewCell.swift; sourceTree = "<group>"; };
		5A7589C01DF9A9F50034F388 /* PhotosStack.swift */ = {isa = PBXFileReference; fileEncoding = 4; lastKnownFileType = sourcecode.swift; path = PhotosStack.swift; sourceTree = "<group>"; };
		5A7589C11DF9A9F50034F388 /* PhotoStackManager.swift */ = {isa = PBXFileReference; fileEncoding = 4; lastKnownFileType = sourcecode.swift; path = PhotoStackManager.swift; sourceTree = "<group>"; };
		5A7589C31DF9A9F50034F388 /* Media.xcassets */ = {isa = PBXFileReference; lastKnownFileType = folder.assetcatalog; path = Media.xcassets; sourceTree = "<group>"; };
		7B39020C39FCC95B33AD664B /* Pods-TheDistanceForms.debug.xcconfig */ = {isa = PBXFileReference; includeInIndex = 1; lastKnownFileType = text.xcconfig; name = "Pods-TheDistanceForms.debug.xcconfig"; path = "Pods/Target Support Files/Pods-TheDistanceForms/Pods-TheDistanceForms.debug.xcconfig"; sourceTree = "<group>"; };
		82A9E022FC1D3D3487520B10 /* Pods_TheDistanceFormsPhotosVideos.framework */ = {isa = PBXFileReference; explicitFileType = wrapper.framework; includeInIndex = 0; path = Pods_TheDistanceFormsPhotosVideos.framework; sourceTree = BUILT_PRODUCTS_DIR; };
		A54511B41D070BE40067714A /* UIDatePickerDataController.swift */ = {isa = PBXFileReference; fileEncoding = 4; lastKnownFileType = sourcecode.swift; path = UIDatePickerDataController.swift; sourceTree = "<group>"; };
		A54511B71D071B030067714A /* Validation.swift */ = {isa = PBXFileReference; fileEncoding = 4; lastKnownFileType = sourcecode.swift; path = Validation.swift; sourceTree = "<group>"; };
		A54511B91D071B0E0067714A /* ValidationResult.swift */ = {isa = PBXFileReference; fileEncoding = 4; lastKnownFileType = sourcecode.swift; path = ValidationResult.swift; sourceTree = "<group>"; };
		A54511BC1D071E8B0067714A /* Form.swift */ = {isa = PBXFileReference; fileEncoding = 4; lastKnownFileType = sourcecode.swift; path = Form.swift; sourceTree = "<group>"; };
		A54511BD1D071E8B0067714A /* FormEnums.swift */ = {isa = PBXFileReference; fileEncoding = 4; lastKnownFileType = sourcecode.swift; path = FormEnums.swift; sourceTree = "<group>"; };
		A54511BE1D071E8B0067714A /* FormQuestion.swift */ = {isa = PBXFileReference; fileEncoding = 4; lastKnownFileType = sourcecode.swift; path = FormQuestion.swift; sourceTree = "<group>"; };
		A54511BF1D071E8B0067714A /* FormQuestionView.swift */ = {isa = PBXFileReference; fileEncoding = 4; lastKnownFileType = sourcecode.swift; path = FormQuestionView.swift; sourceTree = "<group>"; };
		A54511C41D0807D70067714A /* FormContainer.swift */ = {isa = PBXFileReference; fileEncoding = 4; lastKnownFileType = sourcecode.swift; path = FormContainer.swift; sourceTree = "<group>"; };
		A54511C61D0808160067714A /* ValueElement.swift */ = {isa = PBXFileReference; fileEncoding = 4; lastKnownFileType = sourcecode.swift; path = ValueElement.swift; sourceTree = "<group>"; };
		A592A02D1CCF5D2300128D4D /* EventFormViewController.swift */ = {isa = PBXFileReference; fileEncoding = 4; lastKnownFileType = sourcecode.swift; path = EventFormViewController.swift; sourceTree = "<group>"; };
		A592A02F1CCF5E0400128D4D /* EventForm.swift */ = {isa = PBXFileReference; fileEncoding = 4; lastKnownFileType = sourcecode.swift; path = EventForm.swift; sourceTree = "<group>"; };
		A592A0331CCF628E00128D4D /* EventForm.json */ = {isa = PBXFileReference; fileEncoding = 4; lastKnownFileType = text.json; name = EventForm.json; path = Resources/EventForm.json; sourceTree = "<group>"; };
		A592A0351CCFB68800128D4D /* RegisterForm.json */ = {isa = PBXFileReference; fileEncoding = 4; lastKnownFileType = text.json; name = RegisterForm.json; path = Resources/RegisterForm.json; sourceTree = "<group>"; };
		A592A0371CCFB6B500128D4D /* RegisterForm.swift */ = {isa = PBXFileReference; fileEncoding = 4; lastKnownFileType = sourcecode.swift; path = RegisterForm.swift; sourceTree = "<group>"; };
		A592A03A1CCFC9BA00128D4D /* ThemeKitCore.framework */ = {isa = PBXFileReference; lastKnownFileType = wrapper.framework; name = ThemeKitCore.framework; path = Carthage/Build/iOS/ThemeKitCore.framework; sourceTree = "<group>"; };
		A592A0401CD0A9E500128D4D /* TheDistanceFormsThemed.framework */ = {isa = PBXFileReference; explicitFileType = wrapper.framework; includeInIndex = 0; path = TheDistanceFormsThemed.framework; sourceTree = BUILT_PRODUCTS_DIR; };
		A592A0421CD0A9E500128D4D /* TheDistanceFormsThemed.h */ = {isa = PBXFileReference; lastKnownFileType = sourcecode.c.h; path = TheDistanceFormsThemed.h; sourceTree = "<group>"; };
		A592A0441CD0A9E500128D4D /* Info.plist */ = {isa = PBXFileReference; lastKnownFileType = text.plist.xml; path = Info.plist; sourceTree = "<group>"; };
		A592A04D1CD0AA5800128D4D /* TKTextFieldStack.swift */ = {isa = PBXFileReference; fileEncoding = 4; lastKnownFileType = sourcecode.swift; name = TKTextFieldStack.swift; path = ThemedClasses/TKTextFieldStack.swift; sourceTree = "<group>"; };
		A592A04F1CD0B1A400128D4D /* TKTextViewStack.swift */ = {isa = PBXFileReference; fileEncoding = 4; lastKnownFileType = sourcecode.swift; name = TKTextViewStack.swift; path = ThemedClasses/TKTextViewStack.swift; sourceTree = "<group>"; };
		A592A0511CD0B2D900128D4D /* TKSegmentedTextFieldStack.swift */ = {isa = PBXFileReference; fileEncoding = 4; lastKnownFileType = sourcecode.swift; name = TKSegmentedTextFieldStack.swift; path = ThemedClasses/TKSegmentedTextFieldStack.swift; sourceTree = "<group>"; };
		A592A0531CD0C10D00128D4D /* TKSwitchStack.swift */ = {isa = PBXFileReference; fileEncoding = 4; lastKnownFileType = sourcecode.swift; name = TKSwitchStack.swift; path = ThemedClasses/TKSwitchStack.swift; sourceTree = "<group>"; };
		A592A0551CD0C1CF00128D4D /* TKFormQuestion.swift */ = {isa = PBXFileReference; fileEncoding = 4; lastKnownFileType = sourcecode.swift; path = TKFormQuestion.swift; sourceTree = "<group>"; };
		A592A05D1CD0C49200128D4D /* MyTheme.swift */ = {isa = PBXFileReference; fileEncoding = 4; lastKnownFileType = sourcecode.swift; path = MyTheme.swift; sourceTree = "<group>"; };
		A592A05F1CD0C4D000128D4D /* ThemeViewController.swift */ = {isa = PBXFileReference; fileEncoding = 4; lastKnownFileType = sourcecode.swift; path = ThemeViewController.swift; sourceTree = "<group>"; };
		A5961F341D51FAB4004D9636 /* FormViewController.swift */ = {isa = PBXFileReference; fileEncoding = 4; lastKnownFileType = sourcecode.swift; path = FormViewController.swift; sourceTree = "<group>"; };
		A5F0DE2B1CC8C5F80032534D /* TheDistanceForms.framework */ = {isa = PBXFileReference; explicitFileType = wrapper.framework; includeInIndex = 0; path = TheDistanceForms.framework; sourceTree = BUILT_PRODUCTS_DIR; };
		A5F0DE2E1CC8C5F80032534D /* TheDistanceForms.h */ = {isa = PBXFileReference; lastKnownFileType = sourcecode.c.h; path = TheDistanceForms.h; sourceTree = "<group>"; };
		A5F0DE301CC8C5F80032534D /* Info.plist */ = {isa = PBXFileReference; lastKnownFileType = text.plist.xml; path = Info.plist; sourceTree = "<group>"; };
		A5F0DE351CC8C5F80032534D /* TheDistanceFormsTests.xctest */ = {isa = PBXFileReference; explicitFileType = wrapper.cfbundle; includeInIndex = 0; path = TheDistanceFormsTests.xctest; sourceTree = BUILT_PRODUCTS_DIR; };
		A5F0DE3A1CC8C5F80032534D /* TheDistanceFormsTests.swift */ = {isa = PBXFileReference; lastKnownFileType = sourcecode.swift; path = TheDistanceFormsTests.swift; sourceTree = "<group>"; };
		A5F0DE3C1CC8C5F80032534D /* Info.plist */ = {isa = PBXFileReference; lastKnownFileType = text.plist.xml; path = Info.plist; sourceTree = "<group>"; };
		A5F0DE4A1CC8C60C0032534D /* TheDistanceFormsPhotosVideos.framework */ = {isa = PBXFileReference; explicitFileType = wrapper.framework; includeInIndex = 0; path = TheDistanceFormsPhotosVideos.framework; sourceTree = BUILT_PRODUCTS_DIR; };
		A5F0DE4C1CC8C60C0032534D /* TheDistanceFormsPhotosVideos.h */ = {isa = PBXFileReference; lastKnownFileType = sourcecode.c.h; path = TheDistanceFormsPhotosVideos.h; sourceTree = "<group>"; };
		A5F0DE4E1CC8C60C0032534D /* Info.plist */ = {isa = PBXFileReference; lastKnownFileType = text.plist.xml; path = Info.plist; sourceTree = "<group>"; };
		A5F0DE531CC8C60C0032534D /* TheDistanceFormsPhotosVideosTests.xctest */ = {isa = PBXFileReference; explicitFileType = wrapper.cfbundle; includeInIndex = 0; path = TheDistanceFormsPhotosVideosTests.xctest; sourceTree = BUILT_PRODUCTS_DIR; };
		A5F0DE581CC8C60C0032534D /* TheDistanceFormsPhotosVideosTests.swift */ = {isa = PBXFileReference; lastKnownFileType = sourcecode.swift; path = TheDistanceFormsPhotosVideosTests.swift; sourceTree = "<group>"; };
		A5F0DE5A1CC8C60C0032534D /* Info.plist */ = {isa = PBXFileReference; lastKnownFileType = text.plist.xml; path = Info.plist; sourceTree = "<group>"; };
		A5F0DE641CC8C6A90032534D /* StackView.framework */ = {isa = PBXFileReference; lastKnownFileType = wrapper.framework; name = StackView.framework; path = Carthage/Build/iOS/StackView.framework; sourceTree = "<group>"; };
		A5F0DE651CC8C6A90032534D /* TheDistanceCore.framework */ = {isa = PBXFileReference; lastKnownFileType = wrapper.framework; name = TheDistanceCore.framework; path = Carthage/Build/iOS/TheDistanceCore.framework; sourceTree = "<group>"; };
		A5F0DE661CC8C6A90032534D /* TZStackView.framework */ = {isa = PBXFileReference; lastKnownFileType = wrapper.framework; name = TZStackView.framework; path = Carthage/Build/iOS/TZStackView.framework; sourceTree = "<group>"; };
		A5F0DE6A1CC8C6BC0032534D /* AdvancedOperationKit.framework */ = {isa = PBXFileReference; lastKnownFileType = wrapper.framework; name = AdvancedOperationKit.framework; path = Carthage/Build/iOS/AdvancedOperationKit.framework; sourceTree = "<group>"; };
		A5F0DE6B1CC8C6BC0032534D /* PSOperations.framework */ = {isa = PBXFileReference; lastKnownFileType = wrapper.framework; name = PSOperations.framework; path = Carthage/Build/iOS/PSOperations.framework; sourceTree = "<group>"; };
		A5F0DE701CC8C7EF0032534D /* ErrorStack.swift */ = {isa = PBXFileReference; fileEncoding = 4; lastKnownFileType = sourcecode.swift; path = ErrorStack.swift; sourceTree = "<group>"; };
		A5F0DE721CC8C7EF0032534D /* UIPickerDataControllers.swift */ = {isa = PBXFileReference; fileEncoding = 4; lastKnownFileType = sourcecode.swift; path = UIPickerDataControllers.swift; sourceTree = "<group>"; };
		A5F0DE741CC8C7EF0032534D /* SwitchStack.swift */ = {isa = PBXFileReference; fileEncoding = 4; lastKnownFileType = sourcecode.swift; path = SwitchStack.swift; sourceTree = "<group>"; };
		A5F0DE761CC8C7EF0032534D /* SegmentedTextFieldStack.swift */ = {isa = PBXFileReference; fileEncoding = 4; lastKnownFileType = sourcecode.swift; path = SegmentedTextFieldStack.swift; sourceTree = "<group>"; };
		A5F0DE771CC8C7EF0032534D /* TextFieldStack.swift */ = {isa = PBXFileReference; fileEncoding = 4; lastKnownFileType = sourcecode.swift; path = TextFieldStack.swift; sourceTree = "<group>"; };
		A5F0DE781CC8C7EF0032534D /* TextStack.swift */ = {isa = PBXFileReference; fileEncoding = 4; lastKnownFileType = sourcecode.swift; path = TextStack.swift; sourceTree = "<group>"; };
		A5F0DE791CC8C7EF0032534D /* TextViewStack.swift */ = {isa = PBXFileReference; fileEncoding = 4; lastKnownFileType = sourcecode.swift; path = TextViewStack.swift; sourceTree = "<group>"; };
		A5F0DED01CC9004C0032534D /* FormsDemo.app */ = {isa = PBXFileReference; explicitFileType = wrapper.application; includeInIndex = 0; path = FormsDemo.app; sourceTree = BUILT_PRODUCTS_DIR; };
		A5F0DED21CC9004C0032534D /* AppDelegate.swift */ = {isa = PBXFileReference; lastKnownFileType = sourcecode.swift; path = AppDelegate.swift; sourceTree = "<group>"; };
		A5F0DED41CC9004C0032534D /* ViewController.swift */ = {isa = PBXFileReference; lastKnownFileType = sourcecode.swift; path = ViewController.swift; sourceTree = "<group>"; };
		A5F0DED71CC9004C0032534D /* Base */ = {isa = PBXFileReference; lastKnownFileType = file.storyboard; name = Base; path = Base.lproj/Main.storyboard; sourceTree = "<group>"; };
		A5F0DED91CC9004C0032534D /* Assets.xcassets */ = {isa = PBXFileReference; lastKnownFileType = folder.assetcatalog; path = Assets.xcassets; sourceTree = "<group>"; };
		A5F0DEDC1CC9004C0032534D /* Base */ = {isa = PBXFileReference; lastKnownFileType = file.storyboard; name = Base; path = Base.lproj/LaunchScreen.storyboard; sourceTree = "<group>"; };
		A5F0DEDE1CC9004C0032534D /* Info.plist */ = {isa = PBXFileReference; lastKnownFileType = text.plist.xml; path = Info.plist; sourceTree = "<group>"; };
		A5F0DEE31CC9004C0032534D /* FormsDemoTests.xctest */ = {isa = PBXFileReference; explicitFileType = wrapper.cfbundle; includeInIndex = 0; path = FormsDemoTests.xctest; sourceTree = BUILT_PRODUCTS_DIR; };
		A5F0DEE71CC9004C0032534D /* FormsDemoTests.swift */ = {isa = PBXFileReference; lastKnownFileType = sourcecode.swift; path = FormsDemoTests.swift; sourceTree = "<group>"; };
		A5F0DEE91CC9004C0032534D /* Info.plist */ = {isa = PBXFileReference; lastKnownFileType = text.plist.xml; path = Info.plist; sourceTree = "<group>"; };
		A5F0DEF11CC900710032534D /* Form.json */ = {isa = PBXFileReference; fileEncoding = 4; lastKnownFileType = text.json; name = Form.json; path = Resources/Form.json; sourceTree = "<group>"; };
		A5F0DEF61CC902320032534D /* SwiftyJSON.framework */ = {isa = PBXFileReference; lastKnownFileType = wrapper.framework; name = SwiftyJSON.framework; path = Carthage/Build/iOS/SwiftyJSON.framework; sourceTree = "<group>"; };
		A5F0DF0C1CCA343E0032534D /* KeyboardResponder.framework */ = {isa = PBXFileReference; lastKnownFileType = wrapper.framework; name = KeyboardResponder.framework; path = Carthage/Build/iOS/KeyboardResponder.framework; sourceTree = "<group>"; };
		A5F0DF151CCA55A30032534D /* Media.xcassets */ = {isa = PBXFileReference; lastKnownFileType = folder.assetcatalog; path = Media.xcassets; sourceTree = "<group>"; };
		C574CDB924C95821BB8CE785 /* Pods-TheDistanceFormsPhotosVideos.release.xcconfig */ = {isa = PBXFileReference; includeInIndex = 1; lastKnownFileType = text.xcconfig; name = "Pods-TheDistanceFormsPhotosVideos.release.xcconfig"; path = "Pods/Target Support Files/Pods-TheDistanceFormsPhotosVideos/Pods-TheDistanceFormsPhotosVideos.release.xcconfig"; sourceTree = "<group>"; };
		C5E1E791E422A5F7A2AC398C /* Pods-TheDistanceFormsThemed.debug.xcconfig */ = {isa = PBXFileReference; includeInIndex = 1; lastKnownFileType = text.xcconfig; name = "Pods-TheDistanceFormsThemed.debug.xcconfig"; path = "Pods/Target Support Files/Pods-TheDistanceFormsThemed/Pods-TheDistanceFormsThemed.debug.xcconfig"; sourceTree = "<group>"; };
		D40C5A7F93C6DA91E3C36D63 /* Pods_TheDistanceForms.framework */ = {isa = PBXFileReference; explicitFileType = wrapper.framework; includeInIndex = 0; path = Pods_TheDistanceForms.framework; sourceTree = BUILT_PRODUCTS_DIR; };
		E9C87F991A5FE701BF88E0E6 /* Pods-TheDistanceForms.release.xcconfig */ = {isa = PBXFileReference; includeInIndex = 1; lastKnownFileType = text.xcconfig; name = "Pods-TheDistanceForms.release.xcconfig"; path = "Pods/Target Support Files/Pods-TheDistanceForms/Pods-TheDistanceForms.release.xcconfig"; sourceTree = "<group>"; };
/* End PBXFileReference section */

/* Begin PBXFrameworksBuildPhase section */
		A592A03C1CD0A9E500128D4D /* Frameworks */ = {
			isa = PBXFrameworksBuildPhase;
			buildActionMask = 2147483647;
			files = (
				7A30F8F14284F9D854EF0F01 /* Pods_TheDistanceFormsThemed.framework in Frameworks */,
			);
			runOnlyForDeploymentPostprocessing = 0;
		};
		A5F0DE271CC8C5F80032534D /* Frameworks */ = {
			isa = PBXFrameworksBuildPhase;
			buildActionMask = 2147483647;
			files = (
				D718FD146CA2F4C59F475D20 /* Pods_TheDistanceForms.framework in Frameworks */,
			);
			runOnlyForDeploymentPostprocessing = 0;
		};
		A5F0DE321CC8C5F80032534D /* Frameworks */ = {
			isa = PBXFrameworksBuildPhase;
			buildActionMask = 2147483647;
			files = (
				A5F0DE361CC8C5F80032534D /* TheDistanceForms.framework in Frameworks */,
			);
			runOnlyForDeploymentPostprocessing = 0;
		};
		A5F0DE461CC8C60C0032534D /* Frameworks */ = {
			isa = PBXFrameworksBuildPhase;
			buildActionMask = 2147483647;
			files = (
				1FC91A23DC15FF81BBDA36F6 /* Pods_TheDistanceFormsPhotosVideos.framework in Frameworks */,
			);
			runOnlyForDeploymentPostprocessing = 0;
		};
		A5F0DE501CC8C60C0032534D /* Frameworks */ = {
			isa = PBXFrameworksBuildPhase;
			buildActionMask = 2147483647;
			files = (
				A5F0DE541CC8C60C0032534D /* TheDistanceFormsPhotosVideos.framework in Frameworks */,
			);
			runOnlyForDeploymentPostprocessing = 0;
		};
		A5F0DECD1CC9004C0032534D /* Frameworks */ = {
			isa = PBXFrameworksBuildPhase;
			buildActionMask = 2147483647;
			files = (
				A5F0DF061CCA2C510032534D /* StackView.framework in Frameworks */,
				A5F0DF0F1CCA35E00032534D /* KeyboardResponder.framework in Frameworks */,
				A5F0DF0A1CCA2C510032534D /* TZStackView.framework in Frameworks */,
				A592A0471CD0A9E500128D4D /* TheDistanceFormsThemed.framework in Frameworks */,
				A5F0DF041CCA2C510032534D /* SwiftyJSON.framework in Frameworks */,
				A5F0DF081CCA2C510032534D /* TheDistanceCore.framework in Frameworks */,
				A592A05B1CD0C3EF00128D4D /* ThemeKitCore.framework in Frameworks */,
				A5F0DF011CCA2C4B0032534D /* TheDistanceForms.framework in Frameworks */,
			);
			runOnlyForDeploymentPostprocessing = 0;
		};
		A5F0DEE01CC9004C0032534D /* Frameworks */ = {
			isa = PBXFrameworksBuildPhase;
			buildActionMask = 2147483647;
			files = (
			);
			runOnlyForDeploymentPostprocessing = 0;
		};
/* End PBXFrameworksBuildPhase section */

/* Begin PBXGroup section */
		5A7589BE1DF9A9F50034F388 /* Classes */ = {
			isa = PBXGroup;
			children = (
				5A7589BF1DF9A9F50034F388 /* PhotoCollectionViewCell.swift */,
				5A7589C01DF9A9F50034F388 /* PhotosStack.swift */,
				5A7589C11DF9A9F50034F388 /* PhotoStackManager.swift */,
			);
			path = Classes;
			sourceTree = "<group>";
		};
		5A7589C21DF9A9F50034F388 /* Resources */ = {
			isa = PBXGroup;
			children = (
				5A7589C31DF9A9F50034F388 /* Media.xcassets */,
			);
			path = Resources;
			sourceTree = "<group>";
		};
		A54511B61D071B030067714A /* Validation */ = {
			isa = PBXGroup;
			children = (
				A54511C61D0808160067714A /* ValueElement.swift */,
				A54511B71D071B030067714A /* Validation.swift */,
				A54511B91D071B0E0067714A /* ValidationResult.swift */,
			);
			path = Validation;
			sourceTree = "<group>";
		};
		A54511BB1D071E8B0067714A /* Dynamic Forms */ = {
			isa = PBXGroup;
			children = (
				A54511BC1D071E8B0067714A /* Form.swift */,
				A54511C41D0807D70067714A /* FormContainer.swift */,
				A54511BD1D071E8B0067714A /* FormEnums.swift */,
				A54511BE1D071E8B0067714A /* FormQuestion.swift */,
				A54511BF1D071E8B0067714A /* FormQuestionView.swift */,
				A5961F341D51FAB4004D9636 /* FormViewController.swift */,
			);
			path = "Dynamic Forms";
			sourceTree = "<group>";
		};
		A592A0391CCFC39B00128D4D /* Themed */ = {
			isa = PBXGroup;
			children = (
				A592A03A1CCFC9BA00128D4D /* ThemeKitCore.framework */,
			);
			name = Themed;
			sourceTree = "<group>";
		};
		A592A0411CD0A9E500128D4D /* TheDistanceFormsThemed */ = {
			isa = PBXGroup;
			children = (
				A592A0421CD0A9E500128D4D /* TheDistanceFormsThemed.h */,
				A592A0551CD0C1CF00128D4D /* TKFormQuestion.swift */,
				A592A04C1CD0AA2F00128D4D /* Themed Classes */,
				A592A0441CD0A9E500128D4D /* Info.plist */,
			);
			path = TheDistanceFormsThemed;
			sourceTree = "<group>";
		};
		A592A04C1CD0AA2F00128D4D /* Themed Classes */ = {
			isa = PBXGroup;
			children = (
				A592A04D1CD0AA5800128D4D /* TKTextFieldStack.swift */,
				A592A04F1CD0B1A400128D4D /* TKTextViewStack.swift */,
				A592A0511CD0B2D900128D4D /* TKSegmentedTextFieldStack.swift */,
				A592A0531CD0C10D00128D4D /* TKSwitchStack.swift */,
			);
			name = "Themed Classes";
			sourceTree = "<group>";
		};
		A5F0DE211CC8C5F80032534D = {
			isa = PBXGroup;
			children = (
				A5F0DED11CC9004C0032534D /* FormsDemo */,
				A5F0DEE61CC9004C0032534D /* FormsDemoTests */,
				A5F0DE611CC8C6520032534D /* Frameworks */,
				A5F0DE2D1CC8C5F80032534D /* TheDistanceForms */,
				A5F0DE391CC8C5F80032534D /* TheDistanceFormsTests */,
				A592A0411CD0A9E500128D4D /* TheDistanceFormsThemed */,
				A5F0DE4B1CC8C60C0032534D /* TheDistanceFormsPhotosVideos */,
				A5F0DE571CC8C60C0032534D /* TheDistanceFormsPhotosVideosTests */,
				A5F0DE2C1CC8C5F80032534D /* Products */,
				FB5CABD9592AB1F6CCBE04E8 /* Pods */,
			);
			sourceTree = "<group>";
		};
		A5F0DE2C1CC8C5F80032534D /* Products */ = {
			isa = PBXGroup;
			children = (
				A5F0DE2B1CC8C5F80032534D /* TheDistanceForms.framework */,
				A5F0DE351CC8C5F80032534D /* TheDistanceFormsTests.xctest */,
				A5F0DE4A1CC8C60C0032534D /* TheDistanceFormsPhotosVideos.framework */,
				A5F0DE531CC8C60C0032534D /* TheDistanceFormsPhotosVideosTests.xctest */,
				A5F0DED01CC9004C0032534D /* FormsDemo.app */,
				A5F0DEE31CC9004C0032534D /* FormsDemoTests.xctest */,
				A592A0401CD0A9E500128D4D /* TheDistanceFormsThemed.framework */,
			);
			name = Products;
			sourceTree = "<group>";
		};
		A5F0DE2D1CC8C5F80032534D /* TheDistanceForms */ = {
			isa = PBXGroup;
			children = (
				A5F0DE2E1CC8C5F80032534D /* TheDistanceForms.h */,
				A5F0DF151CCA55A30032534D /* Media.xcassets */,
				A5F0DE6E1CC8C7EF0032534D /* Classes */,
				A5F0DE301CC8C5F80032534D /* Info.plist */,
			);
			path = TheDistanceForms;
			sourceTree = "<group>";
		};
		A5F0DE391CC8C5F80032534D /* TheDistanceFormsTests */ = {
			isa = PBXGroup;
			children = (
				A5F0DE3A1CC8C5F80032534D /* TheDistanceFormsTests.swift */,
				A5F0DECB1CC8FFF60032534D /* Resources */,
				A5F0DE3C1CC8C5F80032534D /* Info.plist */,
			);
			path = TheDistanceFormsTests;
			sourceTree = "<group>";
		};
		A5F0DE4B1CC8C60C0032534D /* TheDistanceFormsPhotosVideos */ = {
			isa = PBXGroup;
			children = (
				5A7589BE1DF9A9F50034F388 /* Classes */,
				5A7589C21DF9A9F50034F388 /* Resources */,
				A5F0DE4C1CC8C60C0032534D /* TheDistanceFormsPhotosVideos.h */,
				A5F0DE4E1CC8C60C0032534D /* Info.plist */,
			);
			path = TheDistanceFormsPhotosVideos;
			sourceTree = "<group>";
		};
		A5F0DE571CC8C60C0032534D /* TheDistanceFormsPhotosVideosTests */ = {
			isa = PBXGroup;
			children = (
				A5F0DE581CC8C60C0032534D /* TheDistanceFormsPhotosVideosTests.swift */,
				A5F0DE5A1CC8C60C0032534D /* Info.plist */,
			);
			path = TheDistanceFormsPhotosVideosTests;
			sourceTree = "<group>";
		};
		A5F0DE611CC8C6520032534D /* Frameworks */ = {
			isa = PBXGroup;
			children = (
				5A7589B51DF985DD0034F388 /* Pods_TheDistanceForms.framework */,
				A5F0DE621CC8C6590032534D /* Core */,
				A5F0DE631CC8C66D0032534D /* Photos & Videos */,
				A592A0391CCFC39B00128D4D /* Themed */,
				D40C5A7F93C6DA91E3C36D63 /* Pods_TheDistanceForms.framework */,
				05A6B1A9C711471AE2495394 /* Pods_TheDistanceFormsThemed.framework */,
				82A9E022FC1D3D3487520B10 /* Pods_TheDistanceFormsPhotosVideos.framework */,
			);
			name = Frameworks;
			sourceTree = "<group>";
		};
		A5F0DE621CC8C6590032534D /* Core */ = {
			isa = PBXGroup;
			children = (
				A5F0DF0C1CCA343E0032534D /* KeyboardResponder.framework */,
				A5F0DEF61CC902320032534D /* SwiftyJSON.framework */,
				A5F0DE641CC8C6A90032534D /* StackView.framework */,
				A5F0DE651CC8C6A90032534D /* TheDistanceCore.framework */,
				A5F0DE661CC8C6A90032534D /* TZStackView.framework */,
			);
			name = Core;
			sourceTree = "<group>";
		};
		A5F0DE631CC8C66D0032534D /* Photos & Videos */ = {
			isa = PBXGroup;
			children = (
				A5F0DE6A1CC8C6BC0032534D /* AdvancedOperationKit.framework */,
				A5F0DE6B1CC8C6BC0032534D /* PSOperations.framework */,
			);
			name = "Photos & Videos";
			sourceTree = "<group>";
		};
		A5F0DE6E1CC8C7EF0032534D /* Classes */ = {
			isa = PBXGroup;
			children = (
				A5F0DE701CC8C7EF0032534D /* ErrorStack.swift */,
				A5F0DE741CC8C7EF0032534D /* SwitchStack.swift */,
				A54511BB1D071E8B0067714A /* Dynamic Forms */,
				A54511B61D071B030067714A /* Validation */,
				A5F0DE711CC8C7EF0032534D /* Pickers */,
				A5F0DE751CC8C7EF0032534D /* Text Stacks */,
			);
			path = Classes;
			sourceTree = "<group>";
		};
		A5F0DE711CC8C7EF0032534D /* Pickers */ = {
			isa = PBXGroup;
			children = (
				A5F0DE721CC8C7EF0032534D /* UIPickerDataControllers.swift */,
				A54511B41D070BE40067714A /* UIDatePickerDataController.swift */,
			);
			path = Pickers;
			sourceTree = "<group>";
		};
		A5F0DE751CC8C7EF0032534D /* Text Stacks */ = {
			isa = PBXGroup;
			children = (
				A5F0DE781CC8C7EF0032534D /* TextStack.swift */,
				A5F0DE771CC8C7EF0032534D /* TextFieldStack.swift */,
				A5F0DE761CC8C7EF0032534D /* SegmentedTextFieldStack.swift */,
				A5F0DE791CC8C7EF0032534D /* TextViewStack.swift */,
			);
			path = "Text Stacks";
			sourceTree = "<group>";
		};
		A5F0DECB1CC8FFF60032534D /* Resources */ = {
			isa = PBXGroup;
			children = (
			);
			name = Resources;
			sourceTree = "<group>";
		};
		A5F0DED11CC9004C0032534D /* FormsDemo */ = {
			isa = PBXGroup;
			children = (
				A5F0DED21CC9004C0032534D /* AppDelegate.swift */,
				A592A05D1CD0C49200128D4D /* MyTheme.swift */,
				A5F0DED41CC9004C0032534D /* ViewController.swift */,
				A592A05F1CD0C4D000128D4D /* ThemeViewController.swift */,
				A592A02D1CCF5D2300128D4D /* EventFormViewController.swift */,
				A592A02F1CCF5E0400128D4D /* EventForm.swift */,
				A592A0371CCFB6B500128D4D /* RegisterForm.swift */,
				A5F0DEF01CC9005D0032534D /* Resources */,
				A5F0DED61CC9004C0032534D /* Main.storyboard */,
				A5F0DED91CC9004C0032534D /* Assets.xcassets */,
				A5F0DEDB1CC9004C0032534D /* LaunchScreen.storyboard */,
				A5F0DEDE1CC9004C0032534D /* Info.plist */,
			);
			path = FormsDemo;
			sourceTree = "<group>";
		};
		A5F0DEE61CC9004C0032534D /* FormsDemoTests */ = {
			isa = PBXGroup;
			children = (
				A5F0DEE71CC9004C0032534D /* FormsDemoTests.swift */,
				A5F0DEE91CC9004C0032534D /* Info.plist */,
			);
			path = FormsDemoTests;
			sourceTree = "<group>";
		};
		A5F0DEF01CC9005D0032534D /* Resources */ = {
			isa = PBXGroup;
			children = (
				A5F0DEF11CC900710032534D /* Form.json */,
				A592A0331CCF628E00128D4D /* EventForm.json */,
				A592A0351CCFB68800128D4D /* RegisterForm.json */,
			);
			name = Resources;
			sourceTree = "<group>";
		};
		FB5CABD9592AB1F6CCBE04E8 /* Pods */ = {
			isa = PBXGroup;
			children = (
				7B39020C39FCC95B33AD664B /* Pods-TheDistanceForms.debug.xcconfig */,
				E9C87F991A5FE701BF88E0E6 /* Pods-TheDistanceForms.release.xcconfig */,
				C5E1E791E422A5F7A2AC398C /* Pods-TheDistanceFormsThemed.debug.xcconfig */,
				1ECEB3CC741211318C9EEEDD /* Pods-TheDistanceFormsThemed.release.xcconfig */,
				0027F9BF48DE704B5D577A2B /* Pods-TheDistanceFormsPhotosVideos.debug.xcconfig */,
				C574CDB924C95821BB8CE785 /* Pods-TheDistanceFormsPhotosVideos.release.xcconfig */,
			);
			name = Pods;
			sourceTree = "<group>";
		};
/* End PBXGroup section */

/* Begin PBXHeadersBuildPhase section */
		A592A03D1CD0A9E500128D4D /* Headers */ = {
			isa = PBXHeadersBuildPhase;
			buildActionMask = 2147483647;
			files = (
				A592A0431CD0A9E500128D4D /* TheDistanceFormsThemed.h in Headers */,
			);
			runOnlyForDeploymentPostprocessing = 0;
		};
		A5F0DE281CC8C5F80032534D /* Headers */ = {
			isa = PBXHeadersBuildPhase;
			buildActionMask = 2147483647;
			files = (
				A5F0DE2F1CC8C5F80032534D /* TheDistanceForms.h in Headers */,
			);
			runOnlyForDeploymentPostprocessing = 0;
		};
		A5F0DE471CC8C60C0032534D /* Headers */ = {
			isa = PBXHeadersBuildPhase;
			buildActionMask = 2147483647;
			files = (
				A561FFA21D4F7E9C00EB3C2B /* TheDistanceFormsPhotosVideos.h in Headers */,
			);
			runOnlyForDeploymentPostprocessing = 0;
		};
/* End PBXHeadersBuildPhase section */

/* Begin PBXNativeTarget section */
		A592A03F1CD0A9E500128D4D /* TheDistanceFormsThemed */ = {
			isa = PBXNativeTarget;
			buildConfigurationList = A592A0491CD0A9E500128D4D /* Build configuration list for PBXNativeTarget "TheDistanceFormsThemed" */;
			buildPhases = (
				27BC20099B9CAEF78559C710 /* [CP] Check Pods Manifest.lock */,
				A592A03B1CD0A9E500128D4D /* Sources */,
				A592A03C1CD0A9E500128D4D /* Frameworks */,
				A592A03D1CD0A9E500128D4D /* Headers */,
				A592A03E1CD0A9E500128D4D /* Resources */,
				884CA5F1A63132F97CD452FE /* [CP] Copy Pods Resources */,
			);
			buildRules = (
			);
			dependencies = (
				A592A0581CD0C3C500128D4D /* PBXTargetDependency */,
			);
			name = TheDistanceFormsThemed;
			productName = TheDistanceFormsThemed;
			productReference = A592A0401CD0A9E500128D4D /* TheDistanceFormsThemed.framework */;
			productType = "com.apple.product-type.framework";
		};
		A5F0DE2A1CC8C5F80032534D /* TheDistanceForms */ = {
			isa = PBXNativeTarget;
			buildConfigurationList = A5F0DE3F1CC8C5F80032534D /* Build configuration list for PBXNativeTarget "TheDistanceForms" */;
			buildPhases = (
				A4CA6E4EA1806808F30E71B9 /* [CP] Check Pods Manifest.lock */,
				A5F0DE261CC8C5F80032534D /* Sources */,
				A5F0DE271CC8C5F80032534D /* Frameworks */,
				A5F0DE281CC8C5F80032534D /* Headers */,
				A5F0DE291CC8C5F80032534D /* Resources */,
				CF38717C168C2EA60E1A324D /* [CP] Copy Pods Resources */,
			);
			buildRules = (
			);
			dependencies = (
			);
			name = TheDistanceForms;
			productName = TheDistanceForms;
			productReference = A5F0DE2B1CC8C5F80032534D /* TheDistanceForms.framework */;
			productType = "com.apple.product-type.framework";
		};
		A5F0DE341CC8C5F80032534D /* TheDistanceFormsTests */ = {
			isa = PBXNativeTarget;
			buildConfigurationList = A5F0DE421CC8C5F80032534D /* Build configuration list for PBXNativeTarget "TheDistanceFormsTests" */;
			buildPhases = (
				A5F0DE311CC8C5F80032534D /* Sources */,
				A5F0DE321CC8C5F80032534D /* Frameworks */,
				A5F0DE331CC8C5F80032534D /* Resources */,
			);
			buildRules = (
			);
			dependencies = (
				A5F0DE381CC8C5F80032534D /* PBXTargetDependency */,
			);
			name = TheDistanceFormsTests;
			productName = TheDistanceFormsTests;
			productReference = A5F0DE351CC8C5F80032534D /* TheDistanceFormsTests.xctest */;
			productType = "com.apple.product-type.bundle.unit-test";
		};
		A5F0DE491CC8C60C0032534D /* TheDistanceFormsPhotosVideos */ = {
			isa = PBXNativeTarget;
			buildConfigurationList = A5F0DE5B1CC8C60C0032534D /* Build configuration list for PBXNativeTarget "TheDistanceFormsPhotosVideos" */;
			buildPhases = (
				1E83B3C4C21B79C1C373F49F /* [CP] Check Pods Manifest.lock */,
				A5F0DE451CC8C60C0032534D /* Sources */,
				A5F0DE461CC8C60C0032534D /* Frameworks */,
				A5F0DE471CC8C60C0032534D /* Headers */,
				A5F0DE481CC8C60C0032534D /* Resources */,
				6493EA1A7A2F8AE8F6A6831E /* [CP] Copy Pods Resources */,
			);
			buildRules = (
			);
			dependencies = (
				A5F0DE981CC8CBAE0032534D /* PBXTargetDependency */,
			);
			name = TheDistanceFormsPhotosVideos;
			productName = TheDistanceFormsPhotosVideos;
			productReference = A5F0DE4A1CC8C60C0032534D /* TheDistanceFormsPhotosVideos.framework */;
			productType = "com.apple.product-type.framework";
		};
		A5F0DE521CC8C60C0032534D /* TheDistanceFormsPhotosVideosTests */ = {
			isa = PBXNativeTarget;
			buildConfigurationList = A5F0DE5E1CC8C60C0032534D /* Build configuration list for PBXNativeTarget "TheDistanceFormsPhotosVideosTests" */;
			buildPhases = (
				A5F0DE4F1CC8C60C0032534D /* Sources */,
				A5F0DE501CC8C60C0032534D /* Frameworks */,
				A5F0DE511CC8C60C0032534D /* Resources */,
			);
			buildRules = (
			);
			dependencies = (
				A5F0DE561CC8C60C0032534D /* PBXTargetDependency */,
			);
			name = TheDistanceFormsPhotosVideosTests;
			productName = TheDistanceFormsPhotosVideosTests;
			productReference = A5F0DE531CC8C60C0032534D /* TheDistanceFormsPhotosVideosTests.xctest */;
			productType = "com.apple.product-type.bundle.unit-test";
		};
		A5F0DECF1CC9004C0032534D /* FormsDemo */ = {
			isa = PBXNativeTarget;
			buildConfigurationList = A5F0DEEA1CC9004C0032534D /* Build configuration list for PBXNativeTarget "FormsDemo" */;
			buildPhases = (
				A5F0DECC1CC9004C0032534D /* Sources */,
				A5F0DECD1CC9004C0032534D /* Frameworks */,
				A5F0DECE1CC9004C0032534D /* Resources */,
				A5F0DF031CCA2C4C0032534D /* Embed Frameworks */,
				A592A05C1CD0C3F800128D4D /* ShellScript */,
			);
			buildRules = (
			);
			dependencies = (
				A5F0DF001CCA2C430032534D /* PBXTargetDependency */,
				A592A0461CD0A9E500128D4D /* PBXTargetDependency */,
			);
			name = FormsDemo;
			productName = FormsDemo;
			productReference = A5F0DED01CC9004C0032534D /* FormsDemo.app */;
			productType = "com.apple.product-type.application";
		};
		A5F0DEE21CC9004C0032534D /* FormsDemoTests */ = {
			isa = PBXNativeTarget;
			buildConfigurationList = A5F0DEED1CC9004C0032534D /* Build configuration list for PBXNativeTarget "FormsDemoTests" */;
			buildPhases = (
				A5F0DEDF1CC9004C0032534D /* Sources */,
				A5F0DEE01CC9004C0032534D /* Frameworks */,
				A5F0DEE11CC9004C0032534D /* Resources */,
			);
			buildRules = (
			);
			dependencies = (
				A5F0DEE51CC9004C0032534D /* PBXTargetDependency */,
			);
			name = FormsDemoTests;
			productName = FormsDemoTests;
			productReference = A5F0DEE31CC9004C0032534D /* FormsDemoTests.xctest */;
			productType = "com.apple.product-type.bundle.unit-test";
		};
/* End PBXNativeTarget section */

/* Begin PBXProject section */
		A5F0DE221CC8C5F80032534D /* Project object */ = {
			isa = PBXProject;
			attributes = {
				LastSwiftUpdateCheck = 0730;
				LastUpgradeCheck = 0810;
				ORGANIZATIONNAME = "The Distance";
				TargetAttributes = {
					A592A03F1CD0A9E500128D4D = {
						CreatedOnToolsVersion = 7.3;
					};
					A5F0DE2A1CC8C5F80032534D = {
						CreatedOnToolsVersion = 7.3;
						LastSwiftMigration = 0810;
					};
					A5F0DE341CC8C5F80032534D = {
						CreatedOnToolsVersion = 7.3;
						LastSwiftMigration = 0810;
					};
					A5F0DE491CC8C60C0032534D = {
						CreatedOnToolsVersion = 7.3;
					};
					A5F0DE521CC8C60C0032534D = {
						CreatedOnToolsVersion = 7.3;
					};
					A5F0DECF1CC9004C0032534D = {
						CreatedOnToolsVersion = 7.3;
					};
					A5F0DEE21CC9004C0032534D = {
						CreatedOnToolsVersion = 7.3;
						TestTargetID = A5F0DECF1CC9004C0032534D;
					};
				};
			};
			buildConfigurationList = A5F0DE251CC8C5F80032534D /* Build configuration list for PBXProject "TheDistanceForms" */;
			compatibilityVersion = "Xcode 3.2";
			developmentRegion = English;
			hasScannedForEncodings = 0;
			knownRegions = (
				en,
				Base,
			);
			mainGroup = A5F0DE211CC8C5F80032534D;
			productRefGroup = A5F0DE2C1CC8C5F80032534D /* Products */;
			projectDirPath = "";
			projectRoot = "";
			targets = (
				A5F0DE2A1CC8C5F80032534D /* TheDistanceForms */,
				A5F0DE341CC8C5F80032534D /* TheDistanceFormsTests */,
				A5F0DE491CC8C60C0032534D /* TheDistanceFormsPhotosVideos */,
				A5F0DE521CC8C60C0032534D /* TheDistanceFormsPhotosVideosTests */,
				A5F0DECF1CC9004C0032534D /* FormsDemo */,
				A5F0DEE21CC9004C0032534D /* FormsDemoTests */,
				A592A03F1CD0A9E500128D4D /* TheDistanceFormsThemed */,
			);
		};
/* End PBXProject section */

/* Begin PBXResourcesBuildPhase section */
		A592A03E1CD0A9E500128D4D /* Resources */ = {
			isa = PBXResourcesBuildPhase;
			buildActionMask = 2147483647;
			files = (
			);
			runOnlyForDeploymentPostprocessing = 0;
		};
		A5F0DE291CC8C5F80032534D /* Resources */ = {
			isa = PBXResourcesBuildPhase;
			buildActionMask = 2147483647;
			files = (
				A5F0DF161CCA55A30032534D /* Media.xcassets in Resources */,
			);
			runOnlyForDeploymentPostprocessing = 0;
		};
		A5F0DE331CC8C5F80032534D /* Resources */ = {
			isa = PBXResourcesBuildPhase;
			buildActionMask = 2147483647;
			files = (
			);
			runOnlyForDeploymentPostprocessing = 0;
		};
		A5F0DE481CC8C60C0032534D /* Resources */ = {
			isa = PBXResourcesBuildPhase;
			buildActionMask = 2147483647;
			files = (
				5A7589C71DF9A9F50034F388 /* Media.xcassets in Resources */,
			);
			runOnlyForDeploymentPostprocessing = 0;
		};
		A5F0DE511CC8C60C0032534D /* Resources */ = {
			isa = PBXResourcesBuildPhase;
			buildActionMask = 2147483647;
			files = (
			);
			runOnlyForDeploymentPostprocessing = 0;
		};
		A5F0DECE1CC9004C0032534D /* Resources */ = {
			isa = PBXResourcesBuildPhase;
			buildActionMask = 2147483647;
			files = (
				A592A0361CCFB68800128D4D /* RegisterForm.json in Resources */,
				A5F0DEDD1CC9004C0032534D /* LaunchScreen.storyboard in Resources */,
				A592A0341CCF628E00128D4D /* EventForm.json in Resources */,
				A5F0DEF21CC900710032534D /* Form.json in Resources */,
				A5F0DEDA1CC9004C0032534D /* Assets.xcassets in Resources */,
				A5F0DED81CC9004C0032534D /* Main.storyboard in Resources */,
			);
			runOnlyForDeploymentPostprocessing = 0;
		};
		A5F0DEE11CC9004C0032534D /* Resources */ = {
			isa = PBXResourcesBuildPhase;
			buildActionMask = 2147483647;
			files = (
			);
			runOnlyForDeploymentPostprocessing = 0;
		};
/* End PBXResourcesBuildPhase section */

/* Begin PBXShellScriptBuildPhase section */
		1E83B3C4C21B79C1C373F49F /* [CP] Check Pods Manifest.lock */ = {
			isa = PBXShellScriptBuildPhase;
			buildActionMask = 2147483647;
			files = (
			);
			inputPaths = (
			);
			name = "[CP] Check Pods Manifest.lock";
			outputPaths = (
			);
			runOnlyForDeploymentPostprocessing = 0;
			shellPath = /bin/sh;
			shellScript = "diff \"${PODS_ROOT}/../Podfile.lock\" \"${PODS_ROOT}/Manifest.lock\" > /dev/null\nif [ $? != 0 ] ; then\n    # print error to STDERR\n    echo \"error: The sandbox is not in sync with the Podfile.lock. Run 'pod install' or update your CocoaPods installation.\" >&2\n    exit 1\nfi\n";
			showEnvVarsInLog = 0;
		};
		27BC20099B9CAEF78559C710 /* [CP] Check Pods Manifest.lock */ = {
			isa = PBXShellScriptBuildPhase;
			buildActionMask = 2147483647;
			files = (
			);
			inputPaths = (
			);
			name = "[CP] Check Pods Manifest.lock";
			outputPaths = (
			);
			runOnlyForDeploymentPostprocessing = 0;
			shellPath = /bin/sh;
			shellScript = "diff \"${PODS_ROOT}/../Podfile.lock\" \"${PODS_ROOT}/Manifest.lock\" > /dev/null\nif [ $? != 0 ] ; then\n    # print error to STDERR\n    echo \"error: The sandbox is not in sync with the Podfile.lock. Run 'pod install' or update your CocoaPods installation.\" >&2\n    exit 1\nfi\n";
			showEnvVarsInLog = 0;
		};
		6493EA1A7A2F8AE8F6A6831E /* [CP] Copy Pods Resources */ = {
			isa = PBXShellScriptBuildPhase;
			buildActionMask = 2147483647;
			files = (
			);
			inputPaths = (
			);
			name = "[CP] Copy Pods Resources";
			outputPaths = (
			);
			runOnlyForDeploymentPostprocessing = 0;
			shellPath = /bin/sh;
			shellScript = "\"${SRCROOT}/Pods/Target Support Files/Pods-TheDistanceFormsPhotosVideos/Pods-TheDistanceFormsPhotosVideos-resources.sh\"\n";
			showEnvVarsInLog = 0;
		};
		884CA5F1A63132F97CD452FE /* [CP] Copy Pods Resources */ = {
			isa = PBXShellScriptBuildPhase;
			buildActionMask = 2147483647;
			files = (
			);
			inputPaths = (
			);
			name = "[CP] Copy Pods Resources";
			outputPaths = (
			);
			runOnlyForDeploymentPostprocessing = 0;
			shellPath = /bin/sh;
			shellScript = "\"${SRCROOT}/Pods/Target Support Files/Pods-TheDistanceFormsThemed/Pods-TheDistanceFormsThemed-resources.sh\"\n";
			showEnvVarsInLog = 0;
		};
		A4CA6E4EA1806808F30E71B9 /* [CP] Check Pods Manifest.lock */ = {
			isa = PBXShellScriptBuildPhase;
			buildActionMask = 2147483647;
			files = (
			);
			inputPaths = (
			);
			name = "[CP] Check Pods Manifest.lock";
			outputPaths = (
			);
			runOnlyForDeploymentPostprocessing = 0;
			shellPath = /bin/sh;
			shellScript = "diff \"${PODS_ROOT}/../Podfile.lock\" \"${PODS_ROOT}/Manifest.lock\" > /dev/null\nif [ $? != 0 ] ; then\n    # print error to STDERR\n    echo \"error: The sandbox is not in sync with the Podfile.lock. Run 'pod install' or update your CocoaPods installation.\" >&2\n    exit 1\nfi\n";
			showEnvVarsInLog = 0;
		};
		A592A05C1CD0C3F800128D4D /* ShellScript */ = {
			isa = PBXShellScriptBuildPhase;
			buildActionMask = 2147483647;
			files = (
			);
			inputPaths = (
				"$(SRCROOT)/Carthage/Build/iOS/StackView.framework",
				"$(SRCROOT)/Carthage/Build/iOS/KeyboardResponder.framework",
				"$(SRCROOT)/Carthage/Build/iOS/TZStackView.framework",
				"$(SRCROOT)/Carthage/Build/iOS/SwiftyJSON.framework",
				"$(SRCROOT)/Carthage/Build/iOS/ThemeKitCore.framework",
			);
			outputPaths = (
			);
			runOnlyForDeploymentPostprocessing = 0;
			shellPath = /bin/sh;
			shellScript = "/usr/local/bin/carthage copy-frameworks";
		};
		CF38717C168C2EA60E1A324D /* [CP] Copy Pods Resources */ = {
			isa = PBXShellScriptBuildPhase;
			buildActionMask = 2147483647;
			files = (
			);
			inputPaths = (
			);
			name = "[CP] Copy Pods Resources";
			outputPaths = (
			);
			runOnlyForDeploymentPostprocessing = 0;
			shellPath = /bin/sh;
			shellScript = "\"${SRCROOT}/Pods/Target Support Files/Pods-TheDistanceForms/Pods-TheDistanceForms-resources.sh\"\n";
			showEnvVarsInLog = 0;
		};
/* End PBXShellScriptBuildPhase section */

/* Begin PBXSourcesBuildPhase section */
		A592A03B1CD0A9E500128D4D /* Sources */ = {
			isa = PBXSourcesBuildPhase;
			buildActionMask = 2147483647;
			files = (
				A592A0521CD0B2D900128D4D /* TKSegmentedTextFieldStack.swift in Sources */,
				A592A0541CD0C10D00128D4D /* TKSwitchStack.swift in Sources */,
				A592A0561CD0C1CF00128D4D /* TKFormQuestion.swift in Sources */,
				A592A0501CD0B1A400128D4D /* TKTextViewStack.swift in Sources */,
				A592A04E1CD0AA5800128D4D /* TKTextFieldStack.swift in Sources */,
			);
			runOnlyForDeploymentPostprocessing = 0;
		};
		A5F0DE261CC8C5F80032534D /* Sources */ = {
			isa = PBXSourcesBuildPhase;
			buildActionMask = 2147483647;
			files = (
				A54511C31D071E8B0067714A /* FormQuestionView.swift in Sources */,
				A54511C11D071E8B0067714A /* FormEnums.swift in Sources */,
				A54511C51D0807D70067714A /* FormContainer.swift in Sources */,
				A5F0DE851CC8C7EF0032534D /* SegmentedTextFieldStack.swift in Sources */,
				A54511C01D071E8B0067714A /* Form.swift in Sources */,
				A5F0DE861CC8C7EF0032534D /* TextFieldStack.swift in Sources */,
				A54511B51D070BE40067714A /* UIDatePickerDataController.swift in Sources */,
				A5F0DE881CC8C7EF0032534D /* TextViewStack.swift in Sources */,
				A5F0DE821CC8C7EF0032534D /* UIPickerDataControllers.swift in Sources */,
				A54511C71D0808160067714A /* ValueElement.swift in Sources */,
				A54511B81D071B030067714A /* Validation.swift in Sources */,
				A5F0DE871CC8C7EF0032534D /* TextStack.swift in Sources */,
				A54511BA1D071B0E0067714A /* ValidationResult.swift in Sources */,
				A5F0DE841CC8C7EF0032534D /* SwitchStack.swift in Sources */,
				A54511C21D071E8B0067714A /* FormQuestion.swift in Sources */,
				A5961F351D51FAB4004D9636 /* FormViewController.swift in Sources */,
				A5F0DE811CC8C7EF0032534D /* ErrorStack.swift in Sources */,
			);
			runOnlyForDeploymentPostprocessing = 0;
		};
		A5F0DE311CC8C5F80032534D /* Sources */ = {
			isa = PBXSourcesBuildPhase;
			buildActionMask = 2147483647;
			files = (
				A5F0DE3B1CC8C5F80032534D /* TheDistanceFormsTests.swift in Sources */,
			);
			runOnlyForDeploymentPostprocessing = 0;
		};
		A5F0DE451CC8C60C0032534D /* Sources */ = {
			isa = PBXSourcesBuildPhase;
			buildActionMask = 2147483647;
			files = (
				5A7589C41DF9A9F50034F388 /* PhotoCollectionViewCell.swift in Sources */,
				5A7589C61DF9A9F50034F388 /* PhotoStackManager.swift in Sources */,
				5A7589C51DF9A9F50034F388 /* PhotosStack.swift in Sources */,
			);
			runOnlyForDeploymentPostprocessing = 0;
		};
		A5F0DE4F1CC8C60C0032534D /* Sources */ = {
			isa = PBXSourcesBuildPhase;
			buildActionMask = 2147483647;
			files = (
				A5F0DE591CC8C60C0032534D /* TheDistanceFormsPhotosVideosTests.swift in Sources */,
			);
			runOnlyForDeploymentPostprocessing = 0;
		};
		A5F0DECC1CC9004C0032534D /* Sources */ = {
			isa = PBXSourcesBuildPhase;
			buildActionMask = 2147483647;
			files = (
				A592A02E1CCF5D2300128D4D /* EventFormViewController.swift in Sources */,
				A592A0301CCF5E0400128D4D /* EventForm.swift in Sources */,
				A592A0601CD0C4D000128D4D /* ThemeViewController.swift in Sources */,
				A5F0DED51CC9004C0032534D /* ViewController.swift in Sources */,
				A592A05E1CD0C49200128D4D /* MyTheme.swift in Sources */,
				A592A0381CCFB6B500128D4D /* RegisterForm.swift in Sources */,
				A5F0DED31CC9004C0032534D /* AppDelegate.swift in Sources */,
			);
			runOnlyForDeploymentPostprocessing = 0;
		};
		A5F0DEDF1CC9004C0032534D /* Sources */ = {
			isa = PBXSourcesBuildPhase;
			buildActionMask = 2147483647;
			files = (
				A5F0DEE81CC9004C0032534D /* FormsDemoTests.swift in Sources */,
			);
			runOnlyForDeploymentPostprocessing = 0;
		};
/* End PBXSourcesBuildPhase section */

/* Begin PBXTargetDependency section */
		A592A0461CD0A9E500128D4D /* PBXTargetDependency */ = {
			isa = PBXTargetDependency;
			target = A592A03F1CD0A9E500128D4D /* TheDistanceFormsThemed */;
			targetProxy = A592A0451CD0A9E500128D4D /* PBXContainerItemProxy */;
		};
		A592A0581CD0C3C500128D4D /* PBXTargetDependency */ = {
			isa = PBXTargetDependency;
			target = A5F0DE2A1CC8C5F80032534D /* TheDistanceForms */;
			targetProxy = A592A0571CD0C3C500128D4D /* PBXContainerItemProxy */;
		};
		A5F0DE381CC8C5F80032534D /* PBXTargetDependency */ = {
			isa = PBXTargetDependency;
			target = A5F0DE2A1CC8C5F80032534D /* TheDistanceForms */;
			targetProxy = A5F0DE371CC8C5F80032534D /* PBXContainerItemProxy */;
		};
		A5F0DE561CC8C60C0032534D /* PBXTargetDependency */ = {
			isa = PBXTargetDependency;
			target = A5F0DE491CC8C60C0032534D /* TheDistanceFormsPhotosVideos */;
			targetProxy = A5F0DE551CC8C60C0032534D /* PBXContainerItemProxy */;
		};
		A5F0DE981CC8CBAE0032534D /* PBXTargetDependency */ = {
			isa = PBXTargetDependency;
			target = A5F0DE2A1CC8C5F80032534D /* TheDistanceForms */;
			targetProxy = A5F0DE971CC8CBAE0032534D /* PBXContainerItemProxy */;
		};
		A5F0DEE51CC9004C0032534D /* PBXTargetDependency */ = {
			isa = PBXTargetDependency;
			target = A5F0DECF1CC9004C0032534D /* FormsDemo */;
			targetProxy = A5F0DEE41CC9004C0032534D /* PBXContainerItemProxy */;
		};
		A5F0DF001CCA2C430032534D /* PBXTargetDependency */ = {
			isa = PBXTargetDependency;
			target = A5F0DE2A1CC8C5F80032534D /* TheDistanceForms */;
			targetProxy = A5F0DEFF1CCA2C430032534D /* PBXContainerItemProxy */;
		};
/* End PBXTargetDependency section */

/* Begin PBXVariantGroup section */
		A5F0DED61CC9004C0032534D /* Main.storyboard */ = {
			isa = PBXVariantGroup;
			children = (
				A5F0DED71CC9004C0032534D /* Base */,
			);
			name = Main.storyboard;
			sourceTree = "<group>";
		};
		A5F0DEDB1CC9004C0032534D /* LaunchScreen.storyboard */ = {
			isa = PBXVariantGroup;
			children = (
				A5F0DEDC1CC9004C0032534D /* Base */,
			);
			name = LaunchScreen.storyboard;
			sourceTree = "<group>";
		};
/* End PBXVariantGroup section */

/* Begin XCBuildConfiguration section */
		A592A04A1CD0A9E500128D4D /* Debug */ = {
			isa = XCBuildConfiguration;
			baseConfigurationReference = C5E1E791E422A5F7A2AC398C /* Pods-TheDistanceFormsThemed.debug.xcconfig */;
			buildSettings = {
				CLANG_ENABLE_MODULES = YES;
				"CODE_SIGN_IDENTITY[sdk=iphoneos*]" = "";
				DEFINES_MODULE = YES;
				DYLIB_COMPATIBILITY_VERSION = 1;
				DYLIB_CURRENT_VERSION = 1;
				DYLIB_INSTALL_NAME_BASE = "@rpath";
				FRAMEWORK_SEARCH_PATHS = "$(inherited)";
				INFOPLIST_FILE = TheDistanceFormsThemed/Info.plist;
				INSTALL_PATH = "$(LOCAL_LIBRARY_DIR)/Frameworks";
				IPHONEOS_DEPLOYMENT_TARGET = 8.0;
				LD_RUNPATH_SEARCH_PATHS = "$(inherited) @executable_path/Frameworks @loader_path/Frameworks";
				PRODUCT_BUNDLE_IDENTIFIER = uk.co.thedistance.TheDistanceFormsThemed;
				PRODUCT_NAME = "$(TARGET_NAME)";
				SKIP_INSTALL = YES;
				SWIFT_OPTIMIZATION_LEVEL = "-Onone";
			};
			name = Debug;
		};
		A592A04B1CD0A9E500128D4D /* Release */ = {
			isa = XCBuildConfiguration;
			baseConfigurationReference = 1ECEB3CC741211318C9EEEDD /* Pods-TheDistanceFormsThemed.release.xcconfig */;
			buildSettings = {
				CLANG_ENABLE_MODULES = YES;
				"CODE_SIGN_IDENTITY[sdk=iphoneos*]" = "";
				DEFINES_MODULE = YES;
				DYLIB_COMPATIBILITY_VERSION = 1;
				DYLIB_CURRENT_VERSION = 1;
				DYLIB_INSTALL_NAME_BASE = "@rpath";
				FRAMEWORK_SEARCH_PATHS = "$(inherited)";
				INFOPLIST_FILE = TheDistanceFormsThemed/Info.plist;
				INSTALL_PATH = "$(LOCAL_LIBRARY_DIR)/Frameworks";
				IPHONEOS_DEPLOYMENT_TARGET = 8.0;
				LD_RUNPATH_SEARCH_PATHS = "$(inherited) @executable_path/Frameworks @loader_path/Frameworks";
				PRODUCT_BUNDLE_IDENTIFIER = uk.co.thedistance.TheDistanceFormsThemed;
				PRODUCT_NAME = "$(TARGET_NAME)";
				SKIP_INSTALL = YES;
			};
			name = Release;
		};
		A5F0DE3D1CC8C5F80032534D /* Debug */ = {
			isa = XCBuildConfiguration;
			buildSettings = {
				ALWAYS_SEARCH_USER_PATHS = NO;
				CLANG_ANALYZER_NONNULL = YES;
				CLANG_CXX_LANGUAGE_STANDARD = "gnu++0x";
				CLANG_CXX_LIBRARY = "libc++";
				CLANG_ENABLE_MODULES = YES;
				CLANG_ENABLE_OBJC_ARC = YES;
				CLANG_WARN_BOOL_CONVERSION = YES;
				CLANG_WARN_CONSTANT_CONVERSION = YES;
				CLANG_WARN_DIRECT_OBJC_ISA_USAGE = YES_ERROR;
				CLANG_WARN_EMPTY_BODY = YES;
				CLANG_WARN_ENUM_CONVERSION = YES;
				CLANG_WARN_INFINITE_RECURSION = YES;
				CLANG_WARN_INT_CONVERSION = YES;
				CLANG_WARN_OBJC_ROOT_CLASS = YES_ERROR;
				CLANG_WARN_SUSPICIOUS_MOVE = YES;
				CLANG_WARN_UNREACHABLE_CODE = YES;
				CLANG_WARN__DUPLICATE_METHOD_MATCH = YES;
				"CODE_SIGN_IDENTITY[sdk=iphoneos*]" = "iPhone Developer";
				COPY_PHASE_STRIP = NO;
				CURRENT_PROJECT_VERSION = 1;
				DEBUG_INFORMATION_FORMAT = dwarf;
				ENABLE_STRICT_OBJC_MSGSEND = YES;
				ENABLE_TESTABILITY = YES;
				GCC_C_LANGUAGE_STANDARD = gnu99;
				GCC_DYNAMIC_NO_PIC = NO;
				GCC_NO_COMMON_BLOCKS = YES;
				GCC_OPTIMIZATION_LEVEL = 0;
				GCC_PREPROCESSOR_DEFINITIONS = (
					"DEBUG=1",
					"$(inherited)",
				);
				GCC_WARN_64_TO_32_BIT_CONVERSION = YES;
				GCC_WARN_ABOUT_RETURN_TYPE = YES_ERROR;
				GCC_WARN_UNDECLARED_SELECTOR = YES;
				GCC_WARN_UNINITIALIZED_AUTOS = YES_AGGRESSIVE;
				GCC_WARN_UNUSED_FUNCTION = YES;
				GCC_WARN_UNUSED_VARIABLE = YES;
				IPHONEOS_DEPLOYMENT_TARGET = 9.3;
				MTL_ENABLE_DEBUG_INFO = YES;
				ONLY_ACTIVE_ARCH = YES;
				SDKROOT = iphoneos;
				SWIFT_OPTIMIZATION_LEVEL = "-Onone";
				SWIFT_VERSION = 3.0.1;
				TARGETED_DEVICE_FAMILY = "1,2";
				VERSIONING_SYSTEM = "apple-generic";
				VERSION_INFO_PREFIX = "";
			};
			name = Debug;
		};
		A5F0DE3E1CC8C5F80032534D /* Release */ = {
			isa = XCBuildConfiguration;
			buildSettings = {
				ALWAYS_SEARCH_USER_PATHS = NO;
				CLANG_ANALYZER_NONNULL = YES;
				CLANG_CXX_LANGUAGE_STANDARD = "gnu++0x";
				CLANG_CXX_LIBRARY = "libc++";
				CLANG_ENABLE_MODULES = YES;
				CLANG_ENABLE_OBJC_ARC = YES;
				CLANG_WARN_BOOL_CONVERSION = YES;
				CLANG_WARN_CONSTANT_CONVERSION = YES;
				CLANG_WARN_DIRECT_OBJC_ISA_USAGE = YES_ERROR;
				CLANG_WARN_EMPTY_BODY = YES;
				CLANG_WARN_ENUM_CONVERSION = YES;
				CLANG_WARN_INFINITE_RECURSION = YES;
				CLANG_WARN_INT_CONVERSION = YES;
				CLANG_WARN_OBJC_ROOT_CLASS = YES_ERROR;
				CLANG_WARN_SUSPICIOUS_MOVE = YES;
				CLANG_WARN_UNREACHABLE_CODE = YES;
				CLANG_WARN__DUPLICATE_METHOD_MATCH = YES;
				"CODE_SIGN_IDENTITY[sdk=iphoneos*]" = "iPhone Developer";
				COPY_PHASE_STRIP = NO;
				CURRENT_PROJECT_VERSION = 1;
				DEBUG_INFORMATION_FORMAT = "dwarf-with-dsym";
				ENABLE_NS_ASSERTIONS = NO;
				ENABLE_STRICT_OBJC_MSGSEND = YES;
				GCC_C_LANGUAGE_STANDARD = gnu99;
				GCC_NO_COMMON_BLOCKS = YES;
				GCC_WARN_64_TO_32_BIT_CONVERSION = YES;
				GCC_WARN_ABOUT_RETURN_TYPE = YES_ERROR;
				GCC_WARN_UNDECLARED_SELECTOR = YES;
				GCC_WARN_UNINITIALIZED_AUTOS = YES_AGGRESSIVE;
				GCC_WARN_UNUSED_FUNCTION = YES;
				GCC_WARN_UNUSED_VARIABLE = YES;
				IPHONEOS_DEPLOYMENT_TARGET = 9.3;
				MTL_ENABLE_DEBUG_INFO = NO;
				SDKROOT = iphoneos;
				SWIFT_OPTIMIZATION_LEVEL = "-Owholemodule";
				SWIFT_VERSION = 3.0.1;
				TARGETED_DEVICE_FAMILY = "1,2";
				VALIDATE_PRODUCT = YES;
				VERSIONING_SYSTEM = "apple-generic";
				VERSION_INFO_PREFIX = "";
			};
			name = Release;
		};
		A5F0DE401CC8C5F80032534D /* Debug */ = {
			isa = XCBuildConfiguration;
			baseConfigurationReference = 7B39020C39FCC95B33AD664B /* Pods-TheDistanceForms.debug.xcconfig */;
			buildSettings = {
				"CODE_SIGN_IDENTITY[sdk=iphoneos*]" = "";
				DEFINES_MODULE = YES;
				DYLIB_COMPATIBILITY_VERSION = 1;
				DYLIB_CURRENT_VERSION = 1;
				DYLIB_INSTALL_NAME_BASE = "@rpath";
				FRAMEWORK_SEARCH_PATHS = "$(inherited)";
				INFOPLIST_FILE = TheDistanceForms/Info.plist;
				INSTALL_PATH = "$(LOCAL_LIBRARY_DIR)/Frameworks";
				IPHONEOS_DEPLOYMENT_TARGET = 8.0;
				LD_RUNPATH_SEARCH_PATHS = "$(inherited) @executable_path/Frameworks @loader_path/Frameworks";
				PRODUCT_BUNDLE_IDENTIFIER = uk.co.thedistance.TheDistanceForms;
				PRODUCT_NAME = "$(TARGET_NAME)";
				SKIP_INSTALL = YES;
				SWIFT_VERSION = 3.0.1;
			};
			name = Debug;
		};
		A5F0DE411CC8C5F80032534D /* Release */ = {
			isa = XCBuildConfiguration;
			baseConfigurationReference = E9C87F991A5FE701BF88E0E6 /* Pods-TheDistanceForms.release.xcconfig */;
			buildSettings = {
				"CODE_SIGN_IDENTITY[sdk=iphoneos*]" = "";
				DEFINES_MODULE = YES;
				DYLIB_COMPATIBILITY_VERSION = 1;
				DYLIB_CURRENT_VERSION = 1;
				DYLIB_INSTALL_NAME_BASE = "@rpath";
				FRAMEWORK_SEARCH_PATHS = "$(inherited)";
				INFOPLIST_FILE = TheDistanceForms/Info.plist;
				INSTALL_PATH = "$(LOCAL_LIBRARY_DIR)/Frameworks";
				IPHONEOS_DEPLOYMENT_TARGET = 8.0;
				LD_RUNPATH_SEARCH_PATHS = "$(inherited) @executable_path/Frameworks @loader_path/Frameworks";
				PRODUCT_BUNDLE_IDENTIFIER = uk.co.thedistance.TheDistanceForms;
				PRODUCT_NAME = "$(TARGET_NAME)";
				SKIP_INSTALL = YES;
				SWIFT_VERSION = 3.0.1;
			};
			name = Release;
		};
		A5F0DE431CC8C5F80032534D /* Debug */ = {
			isa = XCBuildConfiguration;
			buildSettings = {
				INFOPLIST_FILE = TheDistanceFormsTests/Info.plist;
				LD_RUNPATH_SEARCH_PATHS = "$(inherited) @executable_path/Frameworks @loader_path/Frameworks";
				PRODUCT_BUNDLE_IDENTIFIER = uk.co.thedistance.TheDistanceFormsTests;
				PRODUCT_NAME = "$(TARGET_NAME)";
				SWIFT_VERSION = 3.0;
			};
			name = Debug;
		};
		A5F0DE441CC8C5F80032534D /* Release */ = {
			isa = XCBuildConfiguration;
			buildSettings = {
				INFOPLIST_FILE = TheDistanceFormsTests/Info.plist;
				LD_RUNPATH_SEARCH_PATHS = "$(inherited) @executable_path/Frameworks @loader_path/Frameworks";
				PRODUCT_BUNDLE_IDENTIFIER = uk.co.thedistance.TheDistanceFormsTests;
				PRODUCT_NAME = "$(TARGET_NAME)";
				SWIFT_VERSION = 3.0;
			};
			name = Release;
		};
		A5F0DE5C1CC8C60C0032534D /* Debug */ = {
			isa = XCBuildConfiguration;
			baseConfigurationReference = 0027F9BF48DE704B5D577A2B /* Pods-TheDistanceFormsPhotosVideos.debug.xcconfig */;
			buildSettings = {
				"CODE_SIGN_IDENTITY[sdk=iphoneos*]" = "";
				DEFINES_MODULE = YES;
				DYLIB_COMPATIBILITY_VERSION = 1;
				DYLIB_CURRENT_VERSION = 1;
				DYLIB_INSTALL_NAME_BASE = "@rpath";
				FRAMEWORK_SEARCH_PATHS = "$(inherited)";
				INFOPLIST_FILE = TheDistanceFormsPhotosVideos/Info.plist;
				INSTALL_PATH = "$(LOCAL_LIBRARY_DIR)/Frameworks";
				IPHONEOS_DEPLOYMENT_TARGET = 8.0;
				LD_RUNPATH_SEARCH_PATHS = "$(inherited) @executable_path/Frameworks @loader_path/Frameworks";
				PRODUCT_BUNDLE_IDENTIFIER = uk.co.thedistance.TheDistanceFormsPhotosVideos;
				PRODUCT_NAME = "$(TARGET_NAME)";
				SKIP_INSTALL = YES;
			};
			name = Debug;
		};
		A5F0DE5D1CC8C60C0032534D /* Release */ = {
			isa = XCBuildConfiguration;
			baseConfigurationReference = C574CDB924C95821BB8CE785 /* Pods-TheDistanceFormsPhotosVideos.release.xcconfig */;
			buildSettings = {
				"CODE_SIGN_IDENTITY[sdk=iphoneos*]" = "";
				DEFINES_MODULE = YES;
				DYLIB_COMPATIBILITY_VERSION = 1;
				DYLIB_CURRENT_VERSION = 1;
				DYLIB_INSTALL_NAME_BASE = "@rpath";
				FRAMEWORK_SEARCH_PATHS = "$(inherited)";
				INFOPLIST_FILE = TheDistanceFormsPhotosVideos/Info.plist;
				INSTALL_PATH = "$(LOCAL_LIBRARY_DIR)/Frameworks";
				IPHONEOS_DEPLOYMENT_TARGET = 8.0;
				LD_RUNPATH_SEARCH_PATHS = "$(inherited) @executable_path/Frameworks @loader_path/Frameworks";
				PRODUCT_BUNDLE_IDENTIFIER = uk.co.thedistance.TheDistanceFormsPhotosVideos;
				PRODUCT_NAME = "$(TARGET_NAME)";
				SKIP_INSTALL = YES;
			};
			name = Release;
		};
		A5F0DE5F1CC8C60C0032534D /* Debug */ = {
			isa = XCBuildConfiguration;
			buildSettings = {
				ALWAYS_EMBED_SWIFT_STANDARD_LIBRARIES = YES;
				INFOPLIST_FILE = TheDistanceFormsPhotosVideosTests/Info.plist;
				LD_RUNPATH_SEARCH_PATHS = "$(inherited) @executable_path/Frameworks @loader_path/Frameworks";
				PRODUCT_BUNDLE_IDENTIFIER = uk.co.thedistance.TheDistanceFormsPhotosVideosTests;
				PRODUCT_NAME = "$(TARGET_NAME)";
			};
			name = Debug;
		};
		A5F0DE601CC8C60C0032534D /* Release */ = {
			isa = XCBuildConfiguration;
			buildSettings = {
				ALWAYS_EMBED_SWIFT_STANDARD_LIBRARIES = YES;
				INFOPLIST_FILE = TheDistanceFormsPhotosVideosTests/Info.plist;
				LD_RUNPATH_SEARCH_PATHS = "$(inherited) @executable_path/Frameworks @loader_path/Frameworks";
				PRODUCT_BUNDLE_IDENTIFIER = uk.co.thedistance.TheDistanceFormsPhotosVideosTests;
				PRODUCT_NAME = "$(TARGET_NAME)";
			};
			name = Release;
		};
		A5F0DEEB1CC9004C0032534D /* Debug */ = {
			isa = XCBuildConfiguration;
			buildSettings = {
				ALWAYS_EMBED_SWIFT_STANDARD_LIBRARIES = YES;
				ASSETCATALOG_COMPILER_APPICON_NAME = AppIcon;
				FRAMEWORK_SEARCH_PATHS = "$(inherited)";
				INFOPLIST_FILE = FormsDemo/Info.plist;
				IPHONEOS_DEPLOYMENT_TARGET = 8.0;
				LD_RUNPATH_SEARCH_PATHS = "$(inherited) @executable_path/Frameworks";
				PRODUCT_BUNDLE_IDENTIFIER = uk.co.thedistance.FormsDemo;
				PRODUCT_NAME = "$(TARGET_NAME)";
			};
			name = Debug;
		};
		A5F0DEEC1CC9004C0032534D /* Release */ = {
			isa = XCBuildConfiguration;
			buildSettings = {
				ALWAYS_EMBED_SWIFT_STANDARD_LIBRARIES = YES;
				ASSETCATALOG_COMPILER_APPICON_NAME = AppIcon;
				FRAMEWORK_SEARCH_PATHS = "$(inherited)";
				INFOPLIST_FILE = FormsDemo/Info.plist;
				IPHONEOS_DEPLOYMENT_TARGET = 8.0;
				LD_RUNPATH_SEARCH_PATHS = "$(inherited) @executable_path/Frameworks";
				PRODUCT_BUNDLE_IDENTIFIER = uk.co.thedistance.FormsDemo;
				PRODUCT_NAME = "$(TARGET_NAME)";
			};
			name = Release;
		};
		A5F0DEEE1CC9004C0032534D /* Debug */ = {
			isa = XCBuildConfiguration;
			buildSettings = {
				BUNDLE_LOADER = "$(TEST_HOST)";
				INFOPLIST_FILE = FormsDemoTests/Info.plist;
				LD_RUNPATH_SEARCH_PATHS = "$(inherited) @executable_path/Frameworks @loader_path/Frameworks";
				PRODUCT_BUNDLE_IDENTIFIER = uk.co.thedistance.FormsDemoTests;
				PRODUCT_NAME = "$(TARGET_NAME)";
				TEST_HOST = "$(BUILT_PRODUCTS_DIR)/FormsDemo.app/FormsDemo";
			};
			name = Debug;
		};
		A5F0DEEF1CC9004C0032534D /* Release */ = {
			isa = XCBuildConfiguration;
			buildSettings = {
				BUNDLE_LOADER = "$(TEST_HOST)";
				INFOPLIST_FILE = FormsDemoTests/Info.plist;
				LD_RUNPATH_SEARCH_PATHS = "$(inherited) @executable_path/Frameworks @loader_path/Frameworks";
				PRODUCT_BUNDLE_IDENTIFIER = uk.co.thedistance.FormsDemoTests;
				PRODUCT_NAME = "$(TARGET_NAME)";
				TEST_HOST = "$(BUILT_PRODUCTS_DIR)/FormsDemo.app/FormsDemo";
			};
			name = Release;
		};
/* End XCBuildConfiguration section */

/* Begin XCConfigurationList section */
		A592A0491CD0A9E500128D4D /* Build configuration list for PBXNativeTarget "TheDistanceFormsThemed" */ = {
			isa = XCConfigurationList;
			buildConfigurations = (
				A592A04A1CD0A9E500128D4D /* Debug */,
				A592A04B1CD0A9E500128D4D /* Release */,
			);
			defaultConfigurationIsVisible = 0;
			defaultConfigurationName = Release;
		};
		A5F0DE251CC8C5F80032534D /* Build configuration list for PBXProject "TheDistanceForms" */ = {
			isa = XCConfigurationList;
			buildConfigurations = (
				A5F0DE3D1CC8C5F80032534D /* Debug */,
				A5F0DE3E1CC8C5F80032534D /* Release */,
			);
			defaultConfigurationIsVisible = 0;
			defaultConfigurationName = Release;
		};
		A5F0DE3F1CC8C5F80032534D /* Build configuration list for PBXNativeTarget "TheDistanceForms" */ = {
			isa = XCConfigurationList;
			buildConfigurations = (
				A5F0DE401CC8C5F80032534D /* Debug */,
				A5F0DE411CC8C5F80032534D /* Release */,
			);
			defaultConfigurationIsVisible = 0;
			defaultConfigurationName = Release;
		};
		A5F0DE421CC8C5F80032534D /* Build configuration list for PBXNativeTarget "TheDistanceFormsTests" */ = {
			isa = XCConfigurationList;
			buildConfigurations = (
				A5F0DE431CC8C5F80032534D /* Debug */,
				A5F0DE441CC8C5F80032534D /* Release */,
			);
			defaultConfigurationIsVisible = 0;
			defaultConfigurationName = Release;
		};
		A5F0DE5B1CC8C60C0032534D /* Build configuration list for PBXNativeTarget "TheDistanceFormsPhotosVideos" */ = {
			isa = XCConfigurationList;
			buildConfigurations = (
				A5F0DE5C1CC8C60C0032534D /* Debug */,
				A5F0DE5D1CC8C60C0032534D /* Release */,
			);
			defaultConfigurationIsVisible = 0;
			defaultConfigurationName = Release;
		};
		A5F0DE5E1CC8C60C0032534D /* Build configuration list for PBXNativeTarget "TheDistanceFormsPhotosVideosTests" */ = {
			isa = XCConfigurationList;
			buildConfigurations = (
				A5F0DE5F1CC8C60C0032534D /* Debug */,
				A5F0DE601CC8C60C0032534D /* Release */,
			);
			defaultConfigurationIsVisible = 0;
			defaultConfigurationName = Release;
		};
		A5F0DEEA1CC9004C0032534D /* Build configuration list for PBXNativeTarget "FormsDemo" */ = {
			isa = XCConfigurationList;
			buildConfigurations = (
				A5F0DEEB1CC9004C0032534D /* Debug */,
				A5F0DEEC1CC9004C0032534D /* Release */,
			);
			defaultConfigurationIsVisible = 0;
			defaultConfigurationName = Release;
		};
		A5F0DEED1CC9004C0032534D /* Build configuration list for PBXNativeTarget "FormsDemoTests" */ = {
			isa = XCConfigurationList;
			buildConfigurations = (
				A5F0DEEE1CC9004C0032534D /* Debug */,
				A5F0DEEF1CC9004C0032534D /* Release */,
			);
			defaultConfigurationIsVisible = 0;
			defaultConfigurationName = Release;
		};
/* End XCConfigurationList section */
	};
	rootObject = A5F0DE221CC8C5F80032534D /* Project object */;
}
